{
  "version": 4,
  "terraform_version": "1.7.5",
  "serial": 891,
  "lineage": "18fac76d-60d2-b510-5ae2-f58a4c0ef242",
  "outputs": {
    "aws_invoke_url": {
      "value": "https://gwt7psrq2d.execute-api.ap-southeast-1.amazonaws.com/dev",
      "type": "string"
    },
    "aws_user_pools_id": {
      "value": "ap-southeast-1_FtBd1Jggq",
      "type": "string"
    },
    "aws_user_pools_web_client_id": {
      "value": "3mc0f53kigpjm0cfkomn9kvc8",
      "type": "string"
    }
  },
  "resources": [
    {
      "module": "module.aws_api_gateway",
      "mode": "managed",
      "type": "aws_api_gateway_authorizer",
      "name": "authorization_cognito",
      "provider": "provider[\"registry.terraform.io/hashicorp/aws\"]",
      "instances": [
        {
          "schema_version": 0,
          "attributes": {
            "arn": "arn:aws:apigateway:ap-southeast-1::/restapis/gwt7psrq2d/authorizers/jhhyyx",
            "authorizer_credentials": "",
            "authorizer_result_ttl_in_seconds": 300,
            "authorizer_uri": "",
            "id": "jhhyyx",
            "identity_source": "method.request.header.Authorization",
            "identity_validation_expression": "",
            "name": "authorizer-cognito-001",
            "provider_arns": [
              "arn:aws:cognito-idp:ap-southeast-1:167433701110:userpool/ap-southeast-1_FtBd1Jggq"
            ],
            "rest_api_id": "gwt7psrq2d",
            "type": "COGNITO_USER_POOLS"
          },
          "sensitive_attributes": [],
          "private": "bnVsbA==",
          "dependencies": [
            "module.aws_api_gateway.aws_api_gateway_rest_api.rest_api_gw",
            "module.aws_cognito.aws_cognito_user_pool.cognito_pool_001",
            "module.aws_cognito.aws_cognito_user_pool_client.userpool_client",
            "module.aws_iam_role.aws_iam_policy.api_gateway_policy_invoke_function",
            "module.aws_iam_role.aws_iam_policy.lambda_dynamodb_policy",
            "module.aws_iam_role.aws_iam_policy.lambda_policy",
            "module.aws_iam_role.aws_iam_policy.sqs_full_access",
            "module.aws_iam_role.aws_iam_role.apiSQS",
            "module.aws_iam_role.aws_iam_role.apigw_role_execution",
            "module.aws_iam_role.aws_iam_role.lambda_role",
            "module.aws_iam_role.aws_iam_role.lambda_sqs_role",
            "module.aws_iam_role.aws_iam_role_policy_attachment.api_gateway_role_policy_attachment",
            "module.aws_iam_role.aws_iam_role_policy_attachment.attach_sqs_policy",
            "module.aws_iam_role.aws_iam_role_policy_attachment.lambda_dynamodb_policy_attachment",
            "module.aws_iam_role.aws_iam_role_policy_attachment.lambda_dynamodb_policy_attachment_02",
            "module.aws_iam_role.aws_iam_role_policy_attachment.lambda_policy_attachment",
            "module.aws_iam_role.aws_iam_role_policy_attachment.lambda_push_to_cloudwatch_logs",
            "module.aws_iam_role.aws_iam_role_policy_attachment.lambda_sqs_push_to_cloudwatch_logs",
            "module.aws_lambda.aws_lambda_function.lambda_delete_user",
            "module.aws_lambda.aws_lambda_function.lambda_get_user",
            "module.aws_lambda.aws_lambda_function.lambda_post_user",
            "module.aws_lambda.data.archive_file.lambda_zip",
            "module.aws_sqs.aws_lambda_event_source_mapping.event_source_mapping",
            "module.aws_sqs.aws_sqs_queue.sqs_queue"
          ],
          "create_before_destroy": true
        }
      ]
    },
    {
      "module": "module.aws_api_gateway",
      "mode": "managed",
      "type": "aws_api_gateway_deployment",
      "name": "deployment_resource_aws_serverless",
      "provider": "provider[\"registry.terraform.io/hashicorp/aws\"]",
      "instances": [
        {
          "schema_version": 0,
          "attributes": {
            "canary_settings": [],
            "created_date": "2024-10-23T09:57:58Z",
            "description": "",
            "execution_arn": "arn:aws:execute-api:ap-southeast-1:167433701110:gwt7psrq2d/",
            "id": "1m5sn5",
            "invoke_url": "https://gwt7psrq2d.execute-api.ap-southeast-1.amazonaws.com/",
            "rest_api_id": "gwt7psrq2d",
            "stage_description": null,
            "stage_name": null,
            "triggers": {
              "redeployment": "73f5cfaf202c5b441bb54eb3e8ba90d3f8acc888"
            },
            "variables": null
          },
          "sensitive_attributes": [],
          "private": "bnVsbA==",
          "dependencies": [
            "module.aws_api_gateway.aws_api_gateway_authorizer.authorization_cognito",
            "module.aws_api_gateway.aws_api_gateway_integration.integration_delete_users",
            "module.aws_api_gateway.aws_api_gateway_integration.integration_get_users",
            "module.aws_api_gateway.aws_api_gateway_integration.integration_post_users",
            "module.aws_api_gateway.aws_api_gateway_integration_response.MyDemoIntegrationResponse",
            "module.aws_api_gateway.aws_api_gateway_method.method_delete_users",
            "module.aws_api_gateway.aws_api_gateway_method.method_get_users",
            "module.aws_api_gateway.aws_api_gateway_method.method_post_users",
            "module.aws_api_gateway.aws_api_gateway_method_response.response_200",
            "module.aws_api_gateway.aws_api_gateway_request_validator.validator_delete",
            "module.aws_api_gateway.aws_api_gateway_resource.resource_users",
            "module.aws_api_gateway.aws_api_gateway_rest_api.rest_api_gw",
            "module.aws_cognito.aws_cognito_user_pool.cognito_pool_001",
            "module.aws_cognito.aws_cognito_user_pool_client.userpool_client",
            "module.aws_iam_role.aws_iam_policy.api_gateway_policy_invoke_function",
            "module.aws_iam_role.aws_iam_policy.lambda_dynamodb_policy",
            "module.aws_iam_role.aws_iam_policy.lambda_policy",
            "module.aws_iam_role.aws_iam_policy.sqs_full_access",
            "module.aws_iam_role.aws_iam_role.apiSQS",
            "module.aws_iam_role.aws_iam_role.apigw_role_execution",
            "module.aws_iam_role.aws_iam_role.lambda_role",
            "module.aws_iam_role.aws_iam_role.lambda_sqs_role",
            "module.aws_iam_role.aws_iam_role_policy_attachment.api_gateway_role_policy_attachment",
            "module.aws_iam_role.aws_iam_role_policy_attachment.attach_sqs_policy",
            "module.aws_iam_role.aws_iam_role_policy_attachment.lambda_dynamodb_policy_attachment",
            "module.aws_iam_role.aws_iam_role_policy_attachment.lambda_dynamodb_policy_attachment_02",
            "module.aws_iam_role.aws_iam_role_policy_attachment.lambda_policy_attachment",
            "module.aws_iam_role.aws_iam_role_policy_attachment.lambda_push_to_cloudwatch_logs",
            "module.aws_iam_role.aws_iam_role_policy_attachment.lambda_sqs_push_to_cloudwatch_logs",
            "module.aws_lambda.aws_lambda_function.lambda_delete_user",
            "module.aws_lambda.aws_lambda_function.lambda_get_user",
            "module.aws_lambda.aws_lambda_function.lambda_post_user",
            "module.aws_lambda.data.archive_file.lambda_zip",
            "module.aws_sqs.aws_lambda_event_source_mapping.event_source_mapping",
            "module.aws_sqs.aws_sqs_queue.sqs_queue"
          ],
          "create_before_destroy": true
        }
      ]
    },
    {
      "module": "module.aws_api_gateway",
      "mode": "managed",
      "type": "aws_api_gateway_integration",
      "name": "integration_delete_users",
      "provider": "provider[\"registry.terraform.io/hashicorp/aws\"]",
      "instances": [
        {
          "schema_version": 0,
          "attributes": {
            "cache_key_parameters": [],
            "cache_namespace": "am7lye",
            "connection_id": "",
            "connection_type": "INTERNET",
            "content_handling": "",
            "credentials": "arn:aws:iam::167433701110:role/apigw_execution_role",
            "http_method": "DELETE",
            "id": "agi-gwt7psrq2d-am7lye-DELETE",
            "integration_http_method": "POST",
            "passthrough_behavior": "NEVER",
            "request_parameters": {},
            "request_templates": {
              "application/json": "{\"email\":\"$input.params('email')\",\"id\":\"$input.params('id')\"}"
            },
            "resource_id": "am7lye",
            "rest_api_id": "gwt7psrq2d",
            "timeout_milliseconds": 29000,
            "tls_config": [],
            "type": "AWS",
            "uri": "arn:aws:apigateway:ap-southeast-1:lambda:path/2015-03-31/functions/arn:aws:lambda:ap-southeast-1:167433701110:function:lambda_delete_user/invocations"
          },
          "sensitive_attributes": [],
          "private": "bnVsbA==",
          "dependencies": [
            "module.aws_api_gateway.aws_api_gateway_authorizer.authorization_cognito",
            "module.aws_api_gateway.aws_api_gateway_method.method_delete_users",
            "module.aws_api_gateway.aws_api_gateway_request_validator.validator_delete",
            "module.aws_api_gateway.aws_api_gateway_resource.resource_users",
            "module.aws_api_gateway.aws_api_gateway_rest_api.rest_api_gw",
            "module.aws_cognito.aws_cognito_user_pool.cognito_pool_001",
            "module.aws_cognito.aws_cognito_user_pool_client.userpool_client",
            "module.aws_iam_role.aws_iam_policy.api_gateway_policy_invoke_function",
            "module.aws_iam_role.aws_iam_policy.lambda_dynamodb_policy",
            "module.aws_iam_role.aws_iam_policy.lambda_policy",
            "module.aws_iam_role.aws_iam_policy.sqs_full_access",
            "module.aws_iam_role.aws_iam_role.apiSQS",
            "module.aws_iam_role.aws_iam_role.apigw_role_execution",
            "module.aws_iam_role.aws_iam_role.lambda_role",
            "module.aws_iam_role.aws_iam_role.lambda_sqs_role",
            "module.aws_iam_role.aws_iam_role_policy_attachment.api_gateway_role_policy_attachment",
            "module.aws_iam_role.aws_iam_role_policy_attachment.attach_sqs_policy",
            "module.aws_iam_role.aws_iam_role_policy_attachment.lambda_dynamodb_policy_attachment",
            "module.aws_iam_role.aws_iam_role_policy_attachment.lambda_dynamodb_policy_attachment_02",
            "module.aws_iam_role.aws_iam_role_policy_attachment.lambda_policy_attachment",
            "module.aws_iam_role.aws_iam_role_policy_attachment.lambda_push_to_cloudwatch_logs",
            "module.aws_iam_role.aws_iam_role_policy_attachment.lambda_sqs_push_to_cloudwatch_logs",
            "module.aws_lambda.aws_lambda_function.lambda_delete_user",
            "module.aws_lambda.aws_lambda_function.lambda_get_user",
            "module.aws_lambda.aws_lambda_function.lambda_post_user",
            "module.aws_lambda.data.archive_file.lambda_zip",
            "module.aws_sqs.aws_lambda_event_source_mapping.event_source_mapping",
            "module.aws_sqs.aws_sqs_queue.sqs_queue"
          ],
          "create_before_destroy": true
        }
      ]
    },
    {
      "module": "module.aws_api_gateway",
      "mode": "managed",
      "type": "aws_api_gateway_integration",
      "name": "integration_get_users",
      "provider": "provider[\"registry.terraform.io/hashicorp/aws\"]",
      "instances": [
        {
          "schema_version": 0,
          "attributes": {
            "cache_key_parameters": [],
            "cache_namespace": "am7lye",
            "connection_id": "",
            "connection_type": "INTERNET",
            "content_handling": "",
            "credentials": "arn:aws:iam::167433701110:role/apigw_execution_role",
            "http_method": "GET",
            "id": "agi-gwt7psrq2d-am7lye-GET",
            "integration_http_method": "POST",
            "passthrough_behavior": "NEVER",
            "request_parameters": {},
            "request_templates": {
              "application/json": "{}"
            },
            "resource_id": "am7lye",
            "rest_api_id": "gwt7psrq2d",
            "timeout_milliseconds": 29000,
            "tls_config": [],
            "type": "AWS",
            "uri": "arn:aws:apigateway:ap-southeast-1:lambda:path/2015-03-31/functions/arn:aws:lambda:ap-southeast-1:167433701110:function:lambda_get_user/invocations"
          },
          "sensitive_attributes": [],
          "private": "bnVsbA==",
          "dependencies": [
            "module.aws_api_gateway.aws_api_gateway_authorizer.authorization_cognito",
            "module.aws_api_gateway.aws_api_gateway_method.method_get_users",
            "module.aws_api_gateway.aws_api_gateway_resource.resource_users",
            "module.aws_api_gateway.aws_api_gateway_rest_api.rest_api_gw",
            "module.aws_cognito.aws_cognito_user_pool.cognito_pool_001",
            "module.aws_cognito.aws_cognito_user_pool_client.userpool_client",
            "module.aws_iam_role.aws_iam_policy.api_gateway_policy_invoke_function",
            "module.aws_iam_role.aws_iam_policy.lambda_dynamodb_policy",
            "module.aws_iam_role.aws_iam_policy.lambda_policy",
            "module.aws_iam_role.aws_iam_policy.sqs_full_access",
            "module.aws_iam_role.aws_iam_role.apiSQS",
            "module.aws_iam_role.aws_iam_role.apigw_role_execution",
            "module.aws_iam_role.aws_iam_role.lambda_role",
            "module.aws_iam_role.aws_iam_role.lambda_sqs_role",
            "module.aws_iam_role.aws_iam_role_policy_attachment.api_gateway_role_policy_attachment",
            "module.aws_iam_role.aws_iam_role_policy_attachment.attach_sqs_policy",
            "module.aws_iam_role.aws_iam_role_policy_attachment.lambda_dynamodb_policy_attachment",
            "module.aws_iam_role.aws_iam_role_policy_attachment.lambda_dynamodb_policy_attachment_02",
            "module.aws_iam_role.aws_iam_role_policy_attachment.lambda_policy_attachment",
            "module.aws_iam_role.aws_iam_role_policy_attachment.lambda_push_to_cloudwatch_logs",
            "module.aws_iam_role.aws_iam_role_policy_attachment.lambda_sqs_push_to_cloudwatch_logs",
            "module.aws_lambda.aws_lambda_function.lambda_delete_user",
            "module.aws_lambda.aws_lambda_function.lambda_get_user",
            "module.aws_lambda.aws_lambda_function.lambda_post_user",
            "module.aws_lambda.data.archive_file.lambda_zip",
            "module.aws_sqs.aws_lambda_event_source_mapping.event_source_mapping",
            "module.aws_sqs.aws_sqs_queue.sqs_queue"
          ],
          "create_before_destroy": true
        }
      ]
    },
    {
      "module": "module.aws_api_gateway",
      "mode": "managed",
      "type": "aws_api_gateway_integration",
      "name": "integration_post_users",
      "provider": "provider[\"registry.terraform.io/hashicorp/aws\"]",
      "instances": [
        {
          "schema_version": 0,
          "attributes": {
            "cache_key_parameters": [],
            "cache_namespace": "am7lye",
            "connection_id": "",
            "connection_type": "INTERNET",
            "content_handling": "",
            "credentials": "arn:aws:iam::167433701110:role/apigateway_sqs",
            "http_method": "POST",
            "id": "agi-gwt7psrq2d-am7lye-POST",
            "integration_http_method": "POST",
            "passthrough_behavior": "WHEN_NO_MATCH",
            "request_parameters": {
              "integration.request.header.Content-Type": "'application/x-www-form-urlencoded'"
            },
            "request_templates": {
              "application/json": "Action=SendMessage\u0026MessageBody=$input.json('$')\r\n"
            },
            "resource_id": "am7lye",
            "rest_api_id": "gwt7psrq2d",
            "timeout_milliseconds": 29000,
            "tls_config": [],
            "type": "AWS",
            "uri": "arn:aws:apigateway:ap-southeast-1:sqs:path/KMA-Queue"
          },
          "sensitive_attributes": [],
          "private": "bnVsbA==",
          "dependencies": [
            "module.aws_api_gateway.aws_api_gateway_authorizer.authorization_cognito",
            "module.aws_api_gateway.aws_api_gateway_method.method_post_users",
            "module.aws_api_gateway.aws_api_gateway_resource.resource_users",
            "module.aws_api_gateway.aws_api_gateway_rest_api.rest_api_gw",
            "module.aws_cognito.aws_cognito_user_pool.cognito_pool_001",
            "module.aws_cognito.aws_cognito_user_pool_client.userpool_client",
            "module.aws_iam_role.aws_iam_policy.api_gateway_policy_invoke_function",
            "module.aws_iam_role.aws_iam_policy.lambda_dynamodb_policy",
            "module.aws_iam_role.aws_iam_policy.lambda_policy",
            "module.aws_iam_role.aws_iam_policy.sqs_full_access",
            "module.aws_iam_role.aws_iam_role.apiSQS",
            "module.aws_iam_role.aws_iam_role.apigw_role_execution",
            "module.aws_iam_role.aws_iam_role.lambda_role",
            "module.aws_iam_role.aws_iam_role.lambda_sqs_role",
            "module.aws_iam_role.aws_iam_role_policy_attachment.api_gateway_role_policy_attachment",
            "module.aws_iam_role.aws_iam_role_policy_attachment.attach_sqs_policy",
            "module.aws_iam_role.aws_iam_role_policy_attachment.lambda_dynamodb_policy_attachment",
            "module.aws_iam_role.aws_iam_role_policy_attachment.lambda_dynamodb_policy_attachment_02",
            "module.aws_iam_role.aws_iam_role_policy_attachment.lambda_policy_attachment",
            "module.aws_iam_role.aws_iam_role_policy_attachment.lambda_push_to_cloudwatch_logs",
            "module.aws_iam_role.aws_iam_role_policy_attachment.lambda_sqs_push_to_cloudwatch_logs",
            "module.aws_lambda.aws_lambda_function.lambda_delete_user",
            "module.aws_lambda.aws_lambda_function.lambda_get_user",
            "module.aws_lambda.aws_lambda_function.lambda_post_user",
            "module.aws_lambda.data.archive_file.lambda_zip",
            "module.aws_sqs.aws_lambda_event_source_mapping.event_source_mapping",
            "module.aws_sqs.aws_sqs_queue.sqs_queue"
          ],
          "create_before_destroy": true
        }
      ]
    },
    {
      "module": "module.aws_api_gateway",
      "mode": "managed",
      "type": "aws_api_gateway_integration",
      "name": "options_integration",
      "provider": "provider[\"registry.terraform.io/hashicorp/aws\"]",
      "instances": [
        {
          "schema_version": 0,
          "attributes": {
            "cache_key_parameters": [],
            "cache_namespace": "am7lye",
            "connection_id": "",
            "connection_type": "INTERNET",
            "content_handling": "",
            "credentials": "",
            "http_method": "OPTIONS",
            "id": "agi-gwt7psrq2d-am7lye-OPTIONS",
            "integration_http_method": "",
            "passthrough_behavior": "WHEN_NO_MATCH",
            "request_parameters": {},
            "request_templates": {
              "application/json": "{\"statusCode\":200}"
            },
            "resource_id": "am7lye",
            "rest_api_id": "gwt7psrq2d",
            "timeout_milliseconds": 29000,
            "tls_config": [],
            "type": "MOCK",
            "uri": ""
          },
          "sensitive_attributes": [],
          "private": "bnVsbA==",
          "dependencies": [
            "module.aws_api_gateway.aws_api_gateway_method.options_method",
            "module.aws_api_gateway.aws_api_gateway_resource.resource_users",
            "module.aws_api_gateway.aws_api_gateway_rest_api.rest_api_gw",
            "module.aws_cognito.aws_cognito_user_pool.cognito_pool_001",
            "module.aws_cognito.aws_cognito_user_pool_client.userpool_client",
            "module.aws_iam_role.aws_iam_policy.api_gateway_policy_invoke_function",
            "module.aws_iam_role.aws_iam_policy.lambda_dynamodb_policy",
            "module.aws_iam_role.aws_iam_policy.lambda_policy",
            "module.aws_iam_role.aws_iam_policy.sqs_full_access",
            "module.aws_iam_role.aws_iam_role.apiSQS",
            "module.aws_iam_role.aws_iam_role.apigw_role_execution",
            "module.aws_iam_role.aws_iam_role.lambda_role",
            "module.aws_iam_role.aws_iam_role.lambda_sqs_role",
            "module.aws_iam_role.aws_iam_role_policy_attachment.api_gateway_role_policy_attachment",
            "module.aws_iam_role.aws_iam_role_policy_attachment.attach_sqs_policy",
            "module.aws_iam_role.aws_iam_role_policy_attachment.lambda_dynamodb_policy_attachment",
            "module.aws_iam_role.aws_iam_role_policy_attachment.lambda_dynamodb_policy_attachment_02",
            "module.aws_iam_role.aws_iam_role_policy_attachment.lambda_policy_attachment",
            "module.aws_iam_role.aws_iam_role_policy_attachment.lambda_push_to_cloudwatch_logs",
            "module.aws_iam_role.aws_iam_role_policy_attachment.lambda_sqs_push_to_cloudwatch_logs",
            "module.aws_lambda.aws_lambda_function.lambda_delete_user",
            "module.aws_lambda.aws_lambda_function.lambda_get_user",
            "module.aws_lambda.aws_lambda_function.lambda_post_user",
            "module.aws_lambda.data.archive_file.lambda_zip",
            "module.aws_sqs.aws_lambda_event_source_mapping.event_source_mapping",
            "module.aws_sqs.aws_sqs_queue.sqs_queue"
          ]
        }
      ]
    },
    {
      "module": "module.aws_api_gateway",
      "mode": "managed",
      "type": "aws_api_gateway_integration_response",
      "name": "MyDemoIntegrationResponse",
      "provider": "provider[\"registry.terraform.io/hashicorp/aws\"]",
      "instances": [
        {
          "schema_version": 0,
          "attributes": {
            "content_handling": "",
            "http_method": "GET",
            "id": "agir-gwt7psrq2d-am7lye-GET-200",
            "resource_id": "am7lye",
            "response_parameters": {
              "method.response.header.Access-Control-Allow-Origin": "'http://localhost:3000'"
            },
            "response_templates": {},
            "rest_api_id": "gwt7psrq2d",
            "selection_pattern": "",
            "status_code": "200"
          },
          "sensitive_attributes": [],
          "private": "bnVsbA==",
          "dependencies": [
            "module.aws_api_gateway.aws_api_gateway_authorizer.authorization_cognito",
            "module.aws_api_gateway.aws_api_gateway_method.method_get_users",
            "module.aws_api_gateway.aws_api_gateway_method_response.response_200",
            "module.aws_api_gateway.aws_api_gateway_resource.resource_users",
            "module.aws_api_gateway.aws_api_gateway_rest_api.rest_api_gw",
            "module.aws_cognito.aws_cognito_user_pool.cognito_pool_001",
            "module.aws_cognito.aws_cognito_user_pool_client.userpool_client",
            "module.aws_iam_role.aws_iam_policy.api_gateway_policy_invoke_function",
            "module.aws_iam_role.aws_iam_policy.lambda_dynamodb_policy",
            "module.aws_iam_role.aws_iam_policy.lambda_policy",
            "module.aws_iam_role.aws_iam_policy.sqs_full_access",
            "module.aws_iam_role.aws_iam_role.apiSQS",
            "module.aws_iam_role.aws_iam_role.apigw_role_execution",
            "module.aws_iam_role.aws_iam_role.lambda_role",
            "module.aws_iam_role.aws_iam_role.lambda_sqs_role",
            "module.aws_iam_role.aws_iam_role_policy_attachment.api_gateway_role_policy_attachment",
            "module.aws_iam_role.aws_iam_role_policy_attachment.attach_sqs_policy",
            "module.aws_iam_role.aws_iam_role_policy_attachment.lambda_dynamodb_policy_attachment",
            "module.aws_iam_role.aws_iam_role_policy_attachment.lambda_dynamodb_policy_attachment_02",
            "module.aws_iam_role.aws_iam_role_policy_attachment.lambda_policy_attachment",
            "module.aws_iam_role.aws_iam_role_policy_attachment.lambda_push_to_cloudwatch_logs",
            "module.aws_iam_role.aws_iam_role_policy_attachment.lambda_sqs_push_to_cloudwatch_logs",
            "module.aws_lambda.aws_lambda_function.lambda_delete_user",
            "module.aws_lambda.aws_lambda_function.lambda_get_user",
            "module.aws_lambda.aws_lambda_function.lambda_post_user",
            "module.aws_lambda.data.archive_file.lambda_zip",
            "module.aws_sqs.aws_lambda_event_source_mapping.event_source_mapping",
            "module.aws_sqs.aws_sqs_queue.sqs_queue"
          ],
          "create_before_destroy": true
        }
      ]
    },
    {
      "module": "module.aws_api_gateway",
      "mode": "managed",
      "type": "aws_api_gateway_integration_response",
      "name": "MyDemoIntegrationResponse_delete",
      "provider": "provider[\"registry.terraform.io/hashicorp/aws\"]",
      "instances": [
        {
          "schema_version": 0,
          "attributes": {
            "content_handling": "",
            "http_method": "DELETE",
            "id": "agir-gwt7psrq2d-am7lye-DELETE-200",
            "resource_id": "am7lye",
            "response_parameters": {
              "method.response.header.Access-Control-Allow-Origin": "'http://localhost:3000'"
            },
            "response_templates": {},
            "rest_api_id": "gwt7psrq2d",
            "selection_pattern": "",
            "status_code": "200"
          },
          "sensitive_attributes": [],
          "private": "bnVsbA==",
          "dependencies": [
            "module.aws_api_gateway.aws_api_gateway_authorizer.authorization_cognito",
            "module.aws_api_gateway.aws_api_gateway_method.method_delete_users",
            "module.aws_api_gateway.aws_api_gateway_method_response.response_200_delete_users",
            "module.aws_api_gateway.aws_api_gateway_request_validator.validator_delete",
            "module.aws_api_gateway.aws_api_gateway_resource.resource_users",
            "module.aws_api_gateway.aws_api_gateway_rest_api.rest_api_gw",
            "module.aws_cognito.aws_cognito_user_pool.cognito_pool_001",
            "module.aws_cognito.aws_cognito_user_pool_client.userpool_client",
            "module.aws_iam_role.aws_iam_policy.api_gateway_policy_invoke_function",
            "module.aws_iam_role.aws_iam_policy.lambda_dynamodb_policy",
            "module.aws_iam_role.aws_iam_policy.lambda_policy",
            "module.aws_iam_role.aws_iam_policy.sqs_full_access",
            "module.aws_iam_role.aws_iam_role.apiSQS",
            "module.aws_iam_role.aws_iam_role.apigw_role_execution",
            "module.aws_iam_role.aws_iam_role.lambda_role",
            "module.aws_iam_role.aws_iam_role.lambda_sqs_role",
            "module.aws_iam_role.aws_iam_role_policy_attachment.api_gateway_role_policy_attachment",
            "module.aws_iam_role.aws_iam_role_policy_attachment.attach_sqs_policy",
            "module.aws_iam_role.aws_iam_role_policy_attachment.lambda_dynamodb_policy_attachment",
            "module.aws_iam_role.aws_iam_role_policy_attachment.lambda_dynamodb_policy_attachment_02",
            "module.aws_iam_role.aws_iam_role_policy_attachment.lambda_policy_attachment",
            "module.aws_iam_role.aws_iam_role_policy_attachment.lambda_push_to_cloudwatch_logs",
            "module.aws_iam_role.aws_iam_role_policy_attachment.lambda_sqs_push_to_cloudwatch_logs",
            "module.aws_lambda.aws_lambda_function.lambda_delete_user",
            "module.aws_lambda.aws_lambda_function.lambda_get_user",
            "module.aws_lambda.aws_lambda_function.lambda_post_user",
            "module.aws_lambda.data.archive_file.lambda_zip",
            "module.aws_sqs.aws_lambda_event_source_mapping.event_source_mapping",
            "module.aws_sqs.aws_sqs_queue.sqs_queue"
          ]
        }
      ]
    },
    {
      "module": "module.aws_api_gateway",
      "mode": "managed",
      "type": "aws_api_gateway_integration_response",
      "name": "MyDemoIntegrationResponse_post",
      "provider": "provider[\"registry.terraform.io/hashicorp/aws\"]",
      "instances": [
        {
          "schema_version": 0,
          "attributes": {
            "content_handling": "",
            "http_method": "POST",
            "id": "agir-gwt7psrq2d-am7lye-POST-200",
            "resource_id": "am7lye",
            "response_parameters": {
              "method.response.header.Access-Control-Allow-Origin": "'http://localhost:3000'"
            },
            "response_templates": {},
            "rest_api_id": "gwt7psrq2d",
            "selection_pattern": "",
            "status_code": "200"
          },
          "sensitive_attributes": [],
          "private": "bnVsbA==",
          "dependencies": [
            "module.aws_api_gateway.aws_api_gateway_authorizer.authorization_cognito",
            "module.aws_api_gateway.aws_api_gateway_method.method_post_users",
            "module.aws_api_gateway.aws_api_gateway_method_response.response_200_post",
            "module.aws_api_gateway.aws_api_gateway_resource.resource_users",
            "module.aws_api_gateway.aws_api_gateway_rest_api.rest_api_gw",
            "module.aws_cognito.aws_cognito_user_pool.cognito_pool_001",
            "module.aws_cognito.aws_cognito_user_pool_client.userpool_client",
            "module.aws_iam_role.aws_iam_policy.api_gateway_policy_invoke_function",
            "module.aws_iam_role.aws_iam_policy.lambda_dynamodb_policy",
            "module.aws_iam_role.aws_iam_policy.lambda_policy",
            "module.aws_iam_role.aws_iam_policy.sqs_full_access",
            "module.aws_iam_role.aws_iam_role.apiSQS",
            "module.aws_iam_role.aws_iam_role.apigw_role_execution",
            "module.aws_iam_role.aws_iam_role.lambda_role",
            "module.aws_iam_role.aws_iam_role.lambda_sqs_role",
            "module.aws_iam_role.aws_iam_role_policy_attachment.api_gateway_role_policy_attachment",
            "module.aws_iam_role.aws_iam_role_policy_attachment.attach_sqs_policy",
            "module.aws_iam_role.aws_iam_role_policy_attachment.lambda_dynamodb_policy_attachment",
            "module.aws_iam_role.aws_iam_role_policy_attachment.lambda_dynamodb_policy_attachment_02",
            "module.aws_iam_role.aws_iam_role_policy_attachment.lambda_policy_attachment",
            "module.aws_iam_role.aws_iam_role_policy_attachment.lambda_push_to_cloudwatch_logs",
            "module.aws_iam_role.aws_iam_role_policy_attachment.lambda_sqs_push_to_cloudwatch_logs",
            "module.aws_lambda.aws_lambda_function.lambda_delete_user",
            "module.aws_lambda.aws_lambda_function.lambda_get_user",
            "module.aws_lambda.aws_lambda_function.lambda_post_user",
            "module.aws_lambda.data.archive_file.lambda_zip",
            "module.aws_sqs.aws_lambda_event_source_mapping.event_source_mapping",
            "module.aws_sqs.aws_sqs_queue.sqs_queue"
          ]
        }
      ]
    },
    {
      "module": "module.aws_api_gateway",
      "mode": "managed",
      "type": "aws_api_gateway_integration_response",
      "name": "options_integration_response",
      "provider": "provider[\"registry.terraform.io/hashicorp/aws\"]",
      "instances": [
        {
          "schema_version": 0,
          "attributes": {
            "content_handling": "",
            "http_method": "OPTIONS",
            "id": "agir-gwt7psrq2d-am7lye-OPTIONS-200",
            "resource_id": "am7lye",
            "response_parameters": {
              "method.response.header.Access-Control-Allow-Headers": "'Content-Type,Authorization,X-Amz-Date,X-Api-Key,X-Amz-Security-Token'",
              "method.response.header.Access-Control-Allow-Methods": "'DELETE,GET,HEAD,OPTIONS,PATCH,POST,PUT'",
              "method.response.header.Access-Control-Allow-Origin": "'*'"
            },
            "response_templates": {},
            "rest_api_id": "gwt7psrq2d",
            "selection_pattern": "",
            "status_code": "200"
          },
          "sensitive_attributes": [],
          "private": "bnVsbA==",
          "dependencies": [
            "module.aws_api_gateway.aws_api_gateway_method.options_method",
            "module.aws_api_gateway.aws_api_gateway_method_response.options_200",
            "module.aws_api_gateway.aws_api_gateway_resource.resource_users",
            "module.aws_api_gateway.aws_api_gateway_rest_api.rest_api_gw",
            "module.aws_cognito.aws_cognito_user_pool.cognito_pool_001",
            "module.aws_cognito.aws_cognito_user_pool_client.userpool_client",
            "module.aws_iam_role.aws_iam_policy.api_gateway_policy_invoke_function",
            "module.aws_iam_role.aws_iam_policy.lambda_dynamodb_policy",
            "module.aws_iam_role.aws_iam_policy.lambda_policy",
            "module.aws_iam_role.aws_iam_policy.sqs_full_access",
            "module.aws_iam_role.aws_iam_role.apiSQS",
            "module.aws_iam_role.aws_iam_role.apigw_role_execution",
            "module.aws_iam_role.aws_iam_role.lambda_role",
            "module.aws_iam_role.aws_iam_role.lambda_sqs_role",
            "module.aws_iam_role.aws_iam_role_policy_attachment.api_gateway_role_policy_attachment",
            "module.aws_iam_role.aws_iam_role_policy_attachment.attach_sqs_policy",
            "module.aws_iam_role.aws_iam_role_policy_attachment.lambda_dynamodb_policy_attachment",
            "module.aws_iam_role.aws_iam_role_policy_attachment.lambda_dynamodb_policy_attachment_02",
            "module.aws_iam_role.aws_iam_role_policy_attachment.lambda_policy_attachment",
            "module.aws_iam_role.aws_iam_role_policy_attachment.lambda_push_to_cloudwatch_logs",
            "module.aws_iam_role.aws_iam_role_policy_attachment.lambda_sqs_push_to_cloudwatch_logs",
            "module.aws_lambda.aws_lambda_function.lambda_delete_user",
            "module.aws_lambda.aws_lambda_function.lambda_get_user",
            "module.aws_lambda.aws_lambda_function.lambda_post_user",
            "module.aws_lambda.data.archive_file.lambda_zip",
            "module.aws_sqs.aws_lambda_event_source_mapping.event_source_mapping",
            "module.aws_sqs.aws_sqs_queue.sqs_queue"
          ]
        }
      ]
    },
    {
      "module": "module.aws_api_gateway",
      "mode": "managed",
      "type": "aws_api_gateway_method",
      "name": "method_delete_users",
      "provider": "provider[\"registry.terraform.io/hashicorp/aws\"]",
      "instances": [
        {
          "schema_version": 0,
          "attributes": {
            "api_key_required": false,
            "authorization": "COGNITO_USER_POOLS",
            "authorization_scopes": [],
            "authorizer_id": "jhhyyx",
            "http_method": "DELETE",
            "id": "agm-gwt7psrq2d-am7lye-DELETE",
            "operation_name": "",
            "request_models": {},
            "request_parameters": {
              "method.request.querystring.email": true,
              "method.request.querystring.id": true
            },
            "request_validator_id": "qgoq7t",
            "resource_id": "am7lye",
            "rest_api_id": "gwt7psrq2d"
          },
          "sensitive_attributes": [],
          "private": "bnVsbA==",
          "dependencies": [
            "module.aws_api_gateway.aws_api_gateway_authorizer.authorization_cognito",
            "module.aws_api_gateway.aws_api_gateway_request_validator.validator_delete",
            "module.aws_api_gateway.aws_api_gateway_resource.resource_users",
            "module.aws_api_gateway.aws_api_gateway_rest_api.rest_api_gw",
            "module.aws_cognito.aws_cognito_user_pool.cognito_pool_001",
            "module.aws_cognito.aws_cognito_user_pool_client.userpool_client",
            "module.aws_iam_role.aws_iam_policy.api_gateway_policy_invoke_function",
            "module.aws_iam_role.aws_iam_policy.lambda_dynamodb_policy",
            "module.aws_iam_role.aws_iam_policy.lambda_policy",
            "module.aws_iam_role.aws_iam_policy.sqs_full_access",
            "module.aws_iam_role.aws_iam_role.apiSQS",
            "module.aws_iam_role.aws_iam_role.apigw_role_execution",
            "module.aws_iam_role.aws_iam_role.lambda_role",
            "module.aws_iam_role.aws_iam_role.lambda_sqs_role",
            "module.aws_iam_role.aws_iam_role_policy_attachment.api_gateway_role_policy_attachment",
            "module.aws_iam_role.aws_iam_role_policy_attachment.attach_sqs_policy",
            "module.aws_iam_role.aws_iam_role_policy_attachment.lambda_dynamodb_policy_attachment",
            "module.aws_iam_role.aws_iam_role_policy_attachment.lambda_dynamodb_policy_attachment_02",
            "module.aws_iam_role.aws_iam_role_policy_attachment.lambda_policy_attachment",
            "module.aws_iam_role.aws_iam_role_policy_attachment.lambda_push_to_cloudwatch_logs",
            "module.aws_iam_role.aws_iam_role_policy_attachment.lambda_sqs_push_to_cloudwatch_logs",
            "module.aws_lambda.aws_lambda_function.lambda_delete_user",
            "module.aws_lambda.aws_lambda_function.lambda_get_user",
            "module.aws_lambda.aws_lambda_function.lambda_post_user",
            "module.aws_lambda.data.archive_file.lambda_zip",
            "module.aws_sqs.aws_lambda_event_source_mapping.event_source_mapping",
            "module.aws_sqs.aws_sqs_queue.sqs_queue"
          ],
          "create_before_destroy": true
        }
      ]
    },
    {
      "module": "module.aws_api_gateway",
      "mode": "managed",
      "type": "aws_api_gateway_method",
      "name": "method_get_users",
      "provider": "provider[\"registry.terraform.io/hashicorp/aws\"]",
      "instances": [
        {
          "schema_version": 0,
          "attributes": {
            "api_key_required": false,
            "authorization": "COGNITO_USER_POOLS",
            "authorization_scopes": [],
            "authorizer_id": "jhhyyx",
            "http_method": "GET",
            "id": "agm-gwt7psrq2d-am7lye-GET",
            "operation_name": "",
            "request_models": {},
            "request_parameters": {},
            "request_validator_id": "",
            "resource_id": "am7lye",
            "rest_api_id": "gwt7psrq2d"
          },
          "sensitive_attributes": [],
          "private": "bnVsbA==",
          "dependencies": [
            "module.aws_api_gateway.aws_api_gateway_authorizer.authorization_cognito",
            "module.aws_api_gateway.aws_api_gateway_resource.resource_users",
            "module.aws_api_gateway.aws_api_gateway_rest_api.rest_api_gw",
            "module.aws_cognito.aws_cognito_user_pool.cognito_pool_001",
            "module.aws_cognito.aws_cognito_user_pool_client.userpool_client",
            "module.aws_iam_role.aws_iam_policy.api_gateway_policy_invoke_function",
            "module.aws_iam_role.aws_iam_policy.lambda_dynamodb_policy",
            "module.aws_iam_role.aws_iam_policy.lambda_policy",
            "module.aws_iam_role.aws_iam_policy.sqs_full_access",
            "module.aws_iam_role.aws_iam_role.apiSQS",
            "module.aws_iam_role.aws_iam_role.apigw_role_execution",
            "module.aws_iam_role.aws_iam_role.lambda_role",
            "module.aws_iam_role.aws_iam_role.lambda_sqs_role",
            "module.aws_iam_role.aws_iam_role_policy_attachment.api_gateway_role_policy_attachment",
            "module.aws_iam_role.aws_iam_role_policy_attachment.attach_sqs_policy",
            "module.aws_iam_role.aws_iam_role_policy_attachment.lambda_dynamodb_policy_attachment",
            "module.aws_iam_role.aws_iam_role_policy_attachment.lambda_dynamodb_policy_attachment_02",
            "module.aws_iam_role.aws_iam_role_policy_attachment.lambda_policy_attachment",
            "module.aws_iam_role.aws_iam_role_policy_attachment.lambda_push_to_cloudwatch_logs",
            "module.aws_iam_role.aws_iam_role_policy_attachment.lambda_sqs_push_to_cloudwatch_logs",
            "module.aws_lambda.aws_lambda_function.lambda_delete_user",
            "module.aws_lambda.aws_lambda_function.lambda_get_user",
            "module.aws_lambda.aws_lambda_function.lambda_post_user",
            "module.aws_lambda.data.archive_file.lambda_zip",
            "module.aws_sqs.aws_lambda_event_source_mapping.event_source_mapping",
            "module.aws_sqs.aws_sqs_queue.sqs_queue"
          ],
          "create_before_destroy": true
        }
      ]
    },
    {
      "module": "module.aws_api_gateway",
      "mode": "managed",
      "type": "aws_api_gateway_method",
      "name": "method_post_users",
      "provider": "provider[\"registry.terraform.io/hashicorp/aws\"]",
      "instances": [
        {
          "schema_version": 0,
          "attributes": {
            "api_key_required": false,
            "authorization": "COGNITO_USER_POOLS",
            "authorization_scopes": [],
            "authorizer_id": "jhhyyx",
            "http_method": "POST",
            "id": "agm-gwt7psrq2d-am7lye-POST",
            "operation_name": "",
            "request_models": {},
            "request_parameters": {},
            "request_validator_id": "",
            "resource_id": "am7lye",
            "rest_api_id": "gwt7psrq2d"
          },
          "sensitive_attributes": [],
          "private": "bnVsbA==",
          "dependencies": [
            "module.aws_api_gateway.aws_api_gateway_authorizer.authorization_cognito",
            "module.aws_api_gateway.aws_api_gateway_resource.resource_users",
            "module.aws_api_gateway.aws_api_gateway_rest_api.rest_api_gw",
            "module.aws_cognito.aws_cognito_user_pool.cognito_pool_001",
            "module.aws_cognito.aws_cognito_user_pool_client.userpool_client",
            "module.aws_iam_role.aws_iam_policy.api_gateway_policy_invoke_function",
            "module.aws_iam_role.aws_iam_policy.lambda_dynamodb_policy",
            "module.aws_iam_role.aws_iam_policy.lambda_policy",
            "module.aws_iam_role.aws_iam_policy.sqs_full_access",
            "module.aws_iam_role.aws_iam_role.apiSQS",
            "module.aws_iam_role.aws_iam_role.apigw_role_execution",
            "module.aws_iam_role.aws_iam_role.lambda_role",
            "module.aws_iam_role.aws_iam_role.lambda_sqs_role",
            "module.aws_iam_role.aws_iam_role_policy_attachment.api_gateway_role_policy_attachment",
            "module.aws_iam_role.aws_iam_role_policy_attachment.attach_sqs_policy",
            "module.aws_iam_role.aws_iam_role_policy_attachment.lambda_dynamodb_policy_attachment",
            "module.aws_iam_role.aws_iam_role_policy_attachment.lambda_dynamodb_policy_attachment_02",
            "module.aws_iam_role.aws_iam_role_policy_attachment.lambda_policy_attachment",
            "module.aws_iam_role.aws_iam_role_policy_attachment.lambda_push_to_cloudwatch_logs",
            "module.aws_iam_role.aws_iam_role_policy_attachment.lambda_sqs_push_to_cloudwatch_logs",
            "module.aws_lambda.aws_lambda_function.lambda_delete_user",
            "module.aws_lambda.aws_lambda_function.lambda_get_user",
            "module.aws_lambda.aws_lambda_function.lambda_post_user",
            "module.aws_lambda.data.archive_file.lambda_zip",
            "module.aws_sqs.aws_lambda_event_source_mapping.event_source_mapping",
            "module.aws_sqs.aws_sqs_queue.sqs_queue"
          ],
          "create_before_destroy": true
        }
      ]
    },
    {
      "module": "module.aws_api_gateway",
      "mode": "managed",
      "type": "aws_api_gateway_method",
      "name": "options_method",
      "provider": "provider[\"registry.terraform.io/hashicorp/aws\"]",
      "instances": [
        {
          "schema_version": 0,
          "attributes": {
            "api_key_required": false,
            "authorization": "NONE",
            "authorization_scopes": [],
            "authorizer_id": "",
            "http_method": "OPTIONS",
            "id": "agm-gwt7psrq2d-am7lye-OPTIONS",
            "operation_name": "",
            "request_models": {},
            "request_parameters": {},
            "request_validator_id": "",
            "resource_id": "am7lye",
            "rest_api_id": "gwt7psrq2d"
          },
          "sensitive_attributes": [],
          "private": "bnVsbA==",
          "dependencies": [
            "module.aws_api_gateway.aws_api_gateway_resource.resource_users",
            "module.aws_api_gateway.aws_api_gateway_rest_api.rest_api_gw",
            "module.aws_cognito.aws_cognito_user_pool.cognito_pool_001",
            "module.aws_cognito.aws_cognito_user_pool_client.userpool_client",
            "module.aws_iam_role.aws_iam_policy.api_gateway_policy_invoke_function",
            "module.aws_iam_role.aws_iam_policy.lambda_dynamodb_policy",
            "module.aws_iam_role.aws_iam_policy.lambda_policy",
            "module.aws_iam_role.aws_iam_policy.sqs_full_access",
            "module.aws_iam_role.aws_iam_role.apiSQS",
            "module.aws_iam_role.aws_iam_role.apigw_role_execution",
            "module.aws_iam_role.aws_iam_role.lambda_role",
            "module.aws_iam_role.aws_iam_role.lambda_sqs_role",
            "module.aws_iam_role.aws_iam_role_policy_attachment.api_gateway_role_policy_attachment",
            "module.aws_iam_role.aws_iam_role_policy_attachment.attach_sqs_policy",
            "module.aws_iam_role.aws_iam_role_policy_attachment.lambda_dynamodb_policy_attachment",
            "module.aws_iam_role.aws_iam_role_policy_attachment.lambda_dynamodb_policy_attachment_02",
            "module.aws_iam_role.aws_iam_role_policy_attachment.lambda_policy_attachment",
            "module.aws_iam_role.aws_iam_role_policy_attachment.lambda_push_to_cloudwatch_logs",
            "module.aws_iam_role.aws_iam_role_policy_attachment.lambda_sqs_push_to_cloudwatch_logs",
            "module.aws_lambda.aws_lambda_function.lambda_delete_user",
            "module.aws_lambda.aws_lambda_function.lambda_get_user",
            "module.aws_lambda.aws_lambda_function.lambda_post_user",
            "module.aws_lambda.data.archive_file.lambda_zip",
            "module.aws_sqs.aws_lambda_event_source_mapping.event_source_mapping",
            "module.aws_sqs.aws_sqs_queue.sqs_queue"
          ]
        }
      ]
    },
    {
      "module": "module.aws_api_gateway",
      "mode": "managed",
      "type": "aws_api_gateway_method_response",
      "name": "options_200",
      "provider": "provider[\"registry.terraform.io/hashicorp/aws\"]",
      "instances": [
        {
          "schema_version": 0,
          "attributes": {
            "http_method": "OPTIONS",
            "id": "agmr-gwt7psrq2d-am7lye-OPTIONS-200",
            "resource_id": "am7lye",
            "response_models": {},
            "response_parameters": {
              "method.response.header.Access-Control-Allow-Headers": true,
              "method.response.header.Access-Control-Allow-Methods": true,
              "method.response.header.Access-Control-Allow-Origin": true
            },
            "rest_api_id": "gwt7psrq2d",
            "status_code": "200"
          },
          "sensitive_attributes": [],
          "private": "bnVsbA==",
          "dependencies": [
            "module.aws_api_gateway.aws_api_gateway_method.options_method",
            "module.aws_api_gateway.aws_api_gateway_resource.resource_users",
            "module.aws_api_gateway.aws_api_gateway_rest_api.rest_api_gw",
            "module.aws_cognito.aws_cognito_user_pool.cognito_pool_001",
            "module.aws_cognito.aws_cognito_user_pool_client.userpool_client",
            "module.aws_iam_role.aws_iam_policy.api_gateway_policy_invoke_function",
            "module.aws_iam_role.aws_iam_policy.lambda_dynamodb_policy",
            "module.aws_iam_role.aws_iam_policy.lambda_policy",
            "module.aws_iam_role.aws_iam_policy.sqs_full_access",
            "module.aws_iam_role.aws_iam_role.apiSQS",
            "module.aws_iam_role.aws_iam_role.apigw_role_execution",
            "module.aws_iam_role.aws_iam_role.lambda_role",
            "module.aws_iam_role.aws_iam_role.lambda_sqs_role",
            "module.aws_iam_role.aws_iam_role_policy_attachment.api_gateway_role_policy_attachment",
            "module.aws_iam_role.aws_iam_role_policy_attachment.attach_sqs_policy",
            "module.aws_iam_role.aws_iam_role_policy_attachment.lambda_dynamodb_policy_attachment",
            "module.aws_iam_role.aws_iam_role_policy_attachment.lambda_dynamodb_policy_attachment_02",
            "module.aws_iam_role.aws_iam_role_policy_attachment.lambda_policy_attachment",
            "module.aws_iam_role.aws_iam_role_policy_attachment.lambda_push_to_cloudwatch_logs",
            "module.aws_iam_role.aws_iam_role_policy_attachment.lambda_sqs_push_to_cloudwatch_logs",
            "module.aws_lambda.aws_lambda_function.lambda_delete_user",
            "module.aws_lambda.aws_lambda_function.lambda_get_user",
            "module.aws_lambda.aws_lambda_function.lambda_post_user",
            "module.aws_lambda.data.archive_file.lambda_zip",
            "module.aws_sqs.aws_lambda_event_source_mapping.event_source_mapping",
            "module.aws_sqs.aws_sqs_queue.sqs_queue"
          ]
        }
      ]
    },
    {
      "module": "module.aws_api_gateway",
      "mode": "managed",
      "type": "aws_api_gateway_method_response",
      "name": "response_200",
      "provider": "provider[\"registry.terraform.io/hashicorp/aws\"]",
      "instances": [
        {
          "schema_version": 0,
          "attributes": {
            "http_method": "GET",
            "id": "agmr-gwt7psrq2d-am7lye-GET-200",
            "resource_id": "am7lye",
            "response_models": {},
            "response_parameters": {
              "method.response.header.Access-Control-Allow-Origin": true
            },
            "rest_api_id": "gwt7psrq2d",
            "status_code": "200"
          },
          "sensitive_attributes": [],
          "private": "bnVsbA==",
          "dependencies": [
            "module.aws_api_gateway.aws_api_gateway_authorizer.authorization_cognito",
            "module.aws_api_gateway.aws_api_gateway_method.method_get_users",
            "module.aws_api_gateway.aws_api_gateway_resource.resource_users",
            "module.aws_api_gateway.aws_api_gateway_rest_api.rest_api_gw",
            "module.aws_cognito.aws_cognito_user_pool.cognito_pool_001",
            "module.aws_cognito.aws_cognito_user_pool_client.userpool_client",
            "module.aws_iam_role.aws_iam_policy.api_gateway_policy_invoke_function",
            "module.aws_iam_role.aws_iam_policy.lambda_dynamodb_policy",
            "module.aws_iam_role.aws_iam_policy.lambda_policy",
            "module.aws_iam_role.aws_iam_policy.sqs_full_access",
            "module.aws_iam_role.aws_iam_role.apiSQS",
            "module.aws_iam_role.aws_iam_role.apigw_role_execution",
            "module.aws_iam_role.aws_iam_role.lambda_role",
            "module.aws_iam_role.aws_iam_role.lambda_sqs_role",
            "module.aws_iam_role.aws_iam_role_policy_attachment.api_gateway_role_policy_attachment",
            "module.aws_iam_role.aws_iam_role_policy_attachment.attach_sqs_policy",
            "module.aws_iam_role.aws_iam_role_policy_attachment.lambda_dynamodb_policy_attachment",
            "module.aws_iam_role.aws_iam_role_policy_attachment.lambda_dynamodb_policy_attachment_02",
            "module.aws_iam_role.aws_iam_role_policy_attachment.lambda_policy_attachment",
            "module.aws_iam_role.aws_iam_role_policy_attachment.lambda_push_to_cloudwatch_logs",
            "module.aws_iam_role.aws_iam_role_policy_attachment.lambda_sqs_push_to_cloudwatch_logs",
            "module.aws_lambda.aws_lambda_function.lambda_delete_user",
            "module.aws_lambda.aws_lambda_function.lambda_get_user",
            "module.aws_lambda.aws_lambda_function.lambda_post_user",
            "module.aws_lambda.data.archive_file.lambda_zip",
            "module.aws_sqs.aws_lambda_event_source_mapping.event_source_mapping",
            "module.aws_sqs.aws_sqs_queue.sqs_queue"
          ],
          "create_before_destroy": true
        }
      ]
    },
    {
      "module": "module.aws_api_gateway",
      "mode": "managed",
      "type": "aws_api_gateway_method_response",
      "name": "response_200_delete_users",
      "provider": "provider[\"registry.terraform.io/hashicorp/aws\"]",
      "instances": [
        {
          "schema_version": 0,
          "attributes": {
            "http_method": "DELETE",
            "id": "agmr-gwt7psrq2d-am7lye-DELETE-200",
            "resource_id": "am7lye",
            "response_models": {},
            "response_parameters": {
              "method.response.header.Access-Control-Allow-Origin": true
            },
            "rest_api_id": "gwt7psrq2d",
            "status_code": "200"
          },
          "sensitive_attributes": [],
          "private": "bnVsbA==",
          "dependencies": [
            "module.aws_api_gateway.aws_api_gateway_authorizer.authorization_cognito",
            "module.aws_api_gateway.aws_api_gateway_method.method_delete_users",
            "module.aws_api_gateway.aws_api_gateway_request_validator.validator_delete",
            "module.aws_api_gateway.aws_api_gateway_resource.resource_users",
            "module.aws_api_gateway.aws_api_gateway_rest_api.rest_api_gw",
            "module.aws_cognito.aws_cognito_user_pool.cognito_pool_001",
            "module.aws_cognito.aws_cognito_user_pool_client.userpool_client",
            "module.aws_iam_role.aws_iam_policy.api_gateway_policy_invoke_function",
            "module.aws_iam_role.aws_iam_policy.lambda_dynamodb_policy",
            "module.aws_iam_role.aws_iam_policy.lambda_policy",
            "module.aws_iam_role.aws_iam_policy.sqs_full_access",
            "module.aws_iam_role.aws_iam_role.apiSQS",
            "module.aws_iam_role.aws_iam_role.apigw_role_execution",
            "module.aws_iam_role.aws_iam_role.lambda_role",
            "module.aws_iam_role.aws_iam_role.lambda_sqs_role",
            "module.aws_iam_role.aws_iam_role_policy_attachment.api_gateway_role_policy_attachment",
            "module.aws_iam_role.aws_iam_role_policy_attachment.attach_sqs_policy",
            "module.aws_iam_role.aws_iam_role_policy_attachment.lambda_dynamodb_policy_attachment",
            "module.aws_iam_role.aws_iam_role_policy_attachment.lambda_dynamodb_policy_attachment_02",
            "module.aws_iam_role.aws_iam_role_policy_attachment.lambda_policy_attachment",
            "module.aws_iam_role.aws_iam_role_policy_attachment.lambda_push_to_cloudwatch_logs",
            "module.aws_iam_role.aws_iam_role_policy_attachment.lambda_sqs_push_to_cloudwatch_logs",
            "module.aws_lambda.aws_lambda_function.lambda_delete_user",
            "module.aws_lambda.aws_lambda_function.lambda_get_user",
            "module.aws_lambda.aws_lambda_function.lambda_post_user",
            "module.aws_lambda.data.archive_file.lambda_zip",
            "module.aws_sqs.aws_lambda_event_source_mapping.event_source_mapping",
            "module.aws_sqs.aws_sqs_queue.sqs_queue"
          ]
        }
      ]
    },
    {
      "module": "module.aws_api_gateway",
      "mode": "managed",
      "type": "aws_api_gateway_method_response",
      "name": "response_200_post",
      "provider": "provider[\"registry.terraform.io/hashicorp/aws\"]",
      "instances": [
        {
          "schema_version": 0,
          "attributes": {
            "http_method": "POST",
            "id": "agmr-gwt7psrq2d-am7lye-POST-200",
            "resource_id": "am7lye",
            "response_models": {},
            "response_parameters": {
              "method.response.header.Access-Control-Allow-Origin": true
            },
            "rest_api_id": "gwt7psrq2d",
            "status_code": "200"
          },
          "sensitive_attributes": [],
          "private": "bnVsbA==",
          "dependencies": [
            "module.aws_api_gateway.aws_api_gateway_authorizer.authorization_cognito",
            "module.aws_api_gateway.aws_api_gateway_method.method_post_users",
            "module.aws_api_gateway.aws_api_gateway_resource.resource_users",
            "module.aws_api_gateway.aws_api_gateway_rest_api.rest_api_gw",
            "module.aws_cognito.aws_cognito_user_pool.cognito_pool_001",
            "module.aws_cognito.aws_cognito_user_pool_client.userpool_client",
            "module.aws_iam_role.aws_iam_policy.api_gateway_policy_invoke_function",
            "module.aws_iam_role.aws_iam_policy.lambda_dynamodb_policy",
            "module.aws_iam_role.aws_iam_policy.lambda_policy",
            "module.aws_iam_role.aws_iam_policy.sqs_full_access",
            "module.aws_iam_role.aws_iam_role.apiSQS",
            "module.aws_iam_role.aws_iam_role.apigw_role_execution",
            "module.aws_iam_role.aws_iam_role.lambda_role",
            "module.aws_iam_role.aws_iam_role.lambda_sqs_role",
            "module.aws_iam_role.aws_iam_role_policy_attachment.api_gateway_role_policy_attachment",
            "module.aws_iam_role.aws_iam_role_policy_attachment.attach_sqs_policy",
            "module.aws_iam_role.aws_iam_role_policy_attachment.lambda_dynamodb_policy_attachment",
            "module.aws_iam_role.aws_iam_role_policy_attachment.lambda_dynamodb_policy_attachment_02",
            "module.aws_iam_role.aws_iam_role_policy_attachment.lambda_policy_attachment",
            "module.aws_iam_role.aws_iam_role_policy_attachment.lambda_push_to_cloudwatch_logs",
            "module.aws_iam_role.aws_iam_role_policy_attachment.lambda_sqs_push_to_cloudwatch_logs",
            "module.aws_lambda.aws_lambda_function.lambda_delete_user",
            "module.aws_lambda.aws_lambda_function.lambda_get_user",
            "module.aws_lambda.aws_lambda_function.lambda_post_user",
            "module.aws_lambda.data.archive_file.lambda_zip",
            "module.aws_sqs.aws_lambda_event_source_mapping.event_source_mapping",
            "module.aws_sqs.aws_sqs_queue.sqs_queue"
          ]
        }
      ]
    },
    {
      "module": "module.aws_api_gateway",
      "mode": "managed",
      "type": "aws_api_gateway_request_validator",
      "name": "validator_delete",
      "provider": "provider[\"registry.terraform.io/hashicorp/aws\"]",
      "instances": [
        {
          "schema_version": 0,
          "attributes": {
            "id": "qgoq7t",
            "name": "RequestValidatorDelete",
            "rest_api_id": "gwt7psrq2d",
            "validate_request_body": false,
            "validate_request_parameters": true
          },
          "sensitive_attributes": [],
          "private": "bnVsbA==",
          "dependencies": [
            "module.aws_api_gateway.aws_api_gateway_rest_api.rest_api_gw",
            "module.aws_cognito.aws_cognito_user_pool.cognito_pool_001",
            "module.aws_cognito.aws_cognito_user_pool_client.userpool_client",
            "module.aws_iam_role.aws_iam_policy.api_gateway_policy_invoke_function",
            "module.aws_iam_role.aws_iam_policy.lambda_dynamodb_policy",
            "module.aws_iam_role.aws_iam_policy.lambda_policy",
            "module.aws_iam_role.aws_iam_policy.sqs_full_access",
            "module.aws_iam_role.aws_iam_role.apiSQS",
            "module.aws_iam_role.aws_iam_role.apigw_role_execution",
            "module.aws_iam_role.aws_iam_role.lambda_role",
            "module.aws_iam_role.aws_iam_role.lambda_sqs_role",
            "module.aws_iam_role.aws_iam_role_policy_attachment.api_gateway_role_policy_attachment",
            "module.aws_iam_role.aws_iam_role_policy_attachment.attach_sqs_policy",
            "module.aws_iam_role.aws_iam_role_policy_attachment.lambda_dynamodb_policy_attachment",
            "module.aws_iam_role.aws_iam_role_policy_attachment.lambda_dynamodb_policy_attachment_02",
            "module.aws_iam_role.aws_iam_role_policy_attachment.lambda_policy_attachment",
            "module.aws_iam_role.aws_iam_role_policy_attachment.lambda_push_to_cloudwatch_logs",
            "module.aws_iam_role.aws_iam_role_policy_attachment.lambda_sqs_push_to_cloudwatch_logs",
            "module.aws_lambda.aws_lambda_function.lambda_delete_user",
            "module.aws_lambda.aws_lambda_function.lambda_get_user",
            "module.aws_lambda.aws_lambda_function.lambda_post_user",
            "module.aws_lambda.data.archive_file.lambda_zip",
            "module.aws_sqs.aws_lambda_event_source_mapping.event_source_mapping",
            "module.aws_sqs.aws_sqs_queue.sqs_queue"
          ],
          "create_before_destroy": true
        }
      ]
    },
    {
      "module": "module.aws_api_gateway",
      "mode": "managed",
      "type": "aws_api_gateway_resource",
      "name": "resource_users",
      "provider": "provider[\"registry.terraform.io/hashicorp/aws\"]",
      "instances": [
        {
          "schema_version": 0,
          "attributes": {
            "id": "am7lye",
            "parent_id": "idsu6pf5i0",
            "path": "/users",
            "path_part": "users",
            "rest_api_id": "gwt7psrq2d"
          },
          "sensitive_attributes": [],
          "private": "bnVsbA==",
          "dependencies": [
            "module.aws_api_gateway.aws_api_gateway_rest_api.rest_api_gw",
            "module.aws_cognito.aws_cognito_user_pool.cognito_pool_001",
            "module.aws_cognito.aws_cognito_user_pool_client.userpool_client",
            "module.aws_iam_role.aws_iam_policy.api_gateway_policy_invoke_function",
            "module.aws_iam_role.aws_iam_policy.lambda_dynamodb_policy",
            "module.aws_iam_role.aws_iam_policy.lambda_policy",
            "module.aws_iam_role.aws_iam_policy.sqs_full_access",
            "module.aws_iam_role.aws_iam_role.apiSQS",
            "module.aws_iam_role.aws_iam_role.apigw_role_execution",
            "module.aws_iam_role.aws_iam_role.lambda_role",
            "module.aws_iam_role.aws_iam_role.lambda_sqs_role",
            "module.aws_iam_role.aws_iam_role_policy_attachment.api_gateway_role_policy_attachment",
            "module.aws_iam_role.aws_iam_role_policy_attachment.attach_sqs_policy",
            "module.aws_iam_role.aws_iam_role_policy_attachment.lambda_dynamodb_policy_attachment",
            "module.aws_iam_role.aws_iam_role_policy_attachment.lambda_dynamodb_policy_attachment_02",
            "module.aws_iam_role.aws_iam_role_policy_attachment.lambda_policy_attachment",
            "module.aws_iam_role.aws_iam_role_policy_attachment.lambda_push_to_cloudwatch_logs",
            "module.aws_iam_role.aws_iam_role_policy_attachment.lambda_sqs_push_to_cloudwatch_logs",
            "module.aws_lambda.aws_lambda_function.lambda_delete_user",
            "module.aws_lambda.aws_lambda_function.lambda_get_user",
            "module.aws_lambda.aws_lambda_function.lambda_post_user",
            "module.aws_lambda.data.archive_file.lambda_zip",
            "module.aws_sqs.aws_lambda_event_source_mapping.event_source_mapping",
            "module.aws_sqs.aws_sqs_queue.sqs_queue"
          ],
          "create_before_destroy": true
        }
      ]
    },
    {
      "module": "module.aws_api_gateway",
      "mode": "managed",
      "type": "aws_api_gateway_rest_api",
      "name": "rest_api_gw",
      "provider": "provider[\"registry.terraform.io/hashicorp/aws\"]",
      "instances": [
        {
          "schema_version": 0,
          "attributes": {
            "api_key_source": "HEADER",
            "arn": "arn:aws:apigateway:ap-southeast-1::/restapis/gwt7psrq2d",
            "binary_media_types": [],
            "body": null,
            "created_date": "2024-10-23T02:10:39Z",
            "description": "AWS Serverless KMA",
            "disable_execute_api_endpoint": false,
            "endpoint_configuration": [
              {
                "types": [
                  "REGIONAL"
                ],
                "vpc_endpoint_ids": []
              }
            ],
            "execution_arn": "arn:aws:execute-api:ap-southeast-1:167433701110:gwt7psrq2d",
            "fail_on_warnings": null,
            "id": "gwt7psrq2d",
            "minimum_compression_size": "",
            "name": "aws-serverless",
            "parameters": null,
            "policy": "",
            "put_rest_api_mode": null,
            "root_resource_id": "idsu6pf5i0",
            "tags": {},
            "tags_all": {}
          },
          "sensitive_attributes": [],
          "private": "bnVsbA==",
          "dependencies": [
            "module.aws_cognito.aws_cognito_user_pool.cognito_pool_001",
            "module.aws_cognito.aws_cognito_user_pool_client.userpool_client",
            "module.aws_iam_role.aws_iam_policy.api_gateway_policy_invoke_function",
            "module.aws_iam_role.aws_iam_policy.lambda_dynamodb_policy",
            "module.aws_iam_role.aws_iam_policy.lambda_policy",
            "module.aws_iam_role.aws_iam_policy.sqs_full_access",
            "module.aws_iam_role.aws_iam_role.apiSQS",
            "module.aws_iam_role.aws_iam_role.apigw_role_execution",
            "module.aws_iam_role.aws_iam_role.lambda_role",
            "module.aws_iam_role.aws_iam_role.lambda_sqs_role",
            "module.aws_iam_role.aws_iam_role_policy_attachment.api_gateway_role_policy_attachment",
            "module.aws_iam_role.aws_iam_role_policy_attachment.attach_sqs_policy",
            "module.aws_iam_role.aws_iam_role_policy_attachment.lambda_dynamodb_policy_attachment",
            "module.aws_iam_role.aws_iam_role_policy_attachment.lambda_dynamodb_policy_attachment_02",
            "module.aws_iam_role.aws_iam_role_policy_attachment.lambda_policy_attachment",
            "module.aws_iam_role.aws_iam_role_policy_attachment.lambda_push_to_cloudwatch_logs",
            "module.aws_iam_role.aws_iam_role_policy_attachment.lambda_sqs_push_to_cloudwatch_logs",
            "module.aws_lambda.aws_lambda_function.lambda_delete_user",
            "module.aws_lambda.aws_lambda_function.lambda_get_user",
            "module.aws_lambda.aws_lambda_function.lambda_post_user",
            "module.aws_lambda.data.archive_file.lambda_zip",
            "module.aws_sqs.aws_lambda_event_source_mapping.event_source_mapping",
            "module.aws_sqs.aws_sqs_queue.sqs_queue"
          ],
          "create_before_destroy": true
        }
      ]
    },
    {
      "module": "module.aws_api_gateway",
      "mode": "managed",
      "type": "aws_api_gateway_stage",
      "name": "stage_dev",
      "provider": "provider[\"registry.terraform.io/hashicorp/aws\"]",
      "instances": [
        {
          "schema_version": 0,
          "attributes": {
            "access_log_settings": [],
            "arn": "arn:aws:apigateway:ap-southeast-1::/restapis/gwt7psrq2d/stages/dev",
            "cache_cluster_enabled": false,
            "cache_cluster_size": "",
            "canary_settings": [],
            "client_certificate_id": "",
            "deployment_id": "1m5sn5",
            "description": "",
            "documentation_version": "",
            "execution_arn": "arn:aws:execute-api:ap-southeast-1:167433701110:gwt7psrq2d/dev",
            "id": "ags-gwt7psrq2d-dev",
            "invoke_url": "https://gwt7psrq2d.execute-api.ap-southeast-1.amazonaws.com/dev",
            "rest_api_id": "gwt7psrq2d",
            "stage_name": "dev",
            "tags": {},
            "tags_all": {},
            "variables": {},
            "web_acl_arn": "",
            "xray_tracing_enabled": false
          },
          "sensitive_attributes": [],
          "private": "bnVsbA==",
          "dependencies": [
            "module.aws_api_gateway.aws_api_gateway_authorizer.authorization_cognito",
            "module.aws_api_gateway.aws_api_gateway_deployment.deployment_resource_aws_serverless",
            "module.aws_api_gateway.aws_api_gateway_integration.integration_delete_users",
            "module.aws_api_gateway.aws_api_gateway_integration.integration_get_users",
            "module.aws_api_gateway.aws_api_gateway_integration.integration_post_users",
            "module.aws_api_gateway.aws_api_gateway_integration_response.MyDemoIntegrationResponse",
            "module.aws_api_gateway.aws_api_gateway_method.method_delete_users",
            "module.aws_api_gateway.aws_api_gateway_method.method_get_users",
            "module.aws_api_gateway.aws_api_gateway_method.method_post_users",
            "module.aws_api_gateway.aws_api_gateway_method_response.response_200",
            "module.aws_api_gateway.aws_api_gateway_request_validator.validator_delete",
            "module.aws_api_gateway.aws_api_gateway_resource.resource_users",
            "module.aws_api_gateway.aws_api_gateway_rest_api.rest_api_gw",
            "module.aws_cognito.aws_cognito_user_pool.cognito_pool_001",
            "module.aws_cognito.aws_cognito_user_pool_client.userpool_client",
            "module.aws_iam_role.aws_iam_policy.api_gateway_policy_invoke_function",
            "module.aws_iam_role.aws_iam_policy.lambda_dynamodb_policy",
            "module.aws_iam_role.aws_iam_policy.lambda_policy",
            "module.aws_iam_role.aws_iam_policy.sqs_full_access",
            "module.aws_iam_role.aws_iam_role.apiSQS",
            "module.aws_iam_role.aws_iam_role.apigw_role_execution",
            "module.aws_iam_role.aws_iam_role.lambda_role",
            "module.aws_iam_role.aws_iam_role.lambda_sqs_role",
            "module.aws_iam_role.aws_iam_role_policy_attachment.api_gateway_role_policy_attachment",
            "module.aws_iam_role.aws_iam_role_policy_attachment.attach_sqs_policy",
            "module.aws_iam_role.aws_iam_role_policy_attachment.lambda_dynamodb_policy_attachment",
            "module.aws_iam_role.aws_iam_role_policy_attachment.lambda_dynamodb_policy_attachment_02",
            "module.aws_iam_role.aws_iam_role_policy_attachment.lambda_policy_attachment",
            "module.aws_iam_role.aws_iam_role_policy_attachment.lambda_push_to_cloudwatch_logs",
            "module.aws_iam_role.aws_iam_role_policy_attachment.lambda_sqs_push_to_cloudwatch_logs",
            "module.aws_lambda.aws_lambda_function.lambda_delete_user",
            "module.aws_lambda.aws_lambda_function.lambda_get_user",
            "module.aws_lambda.aws_lambda_function.lambda_post_user",
            "module.aws_lambda.data.archive_file.lambda_zip",
            "module.aws_sqs.aws_lambda_event_source_mapping.event_source_mapping",
            "module.aws_sqs.aws_sqs_queue.sqs_queue"
          ]
        }
      ]
    },
    {
      "module": "module.aws_cognito",
      "mode": "managed",
      "type": "aws_cognito_user_pool",
      "name": "cognito_pool_001",
      "provider": "provider[\"registry.terraform.io/hashicorp/aws\"]",
      "instances": [
        {
          "schema_version": 0,
          "attributes": {
            "account_recovery_setting": [
              {
                "recovery_mechanism": [
                  {
                    "name": "verified_email",
                    "priority": 1
                  }
                ]
              }
            ],
            "admin_create_user_config": [
              {
                "allow_admin_create_user_only": false,
                "invite_message_template": [
                  {
                    "email_message": "Hello {username}, Your account has been created. Your temporary password is {####}. Please log in and change your password.",
                    "email_subject": "Your account has been created",
                    "sms_message": "Hello {username}, Your account has been created. Your temporary password is {####}. Please log in and change your password."
                  }
                ]
              }
            ],
            "alias_attributes": [
              "email",
              "preferred_username"
            ],
            "arn": "arn:aws:cognito-idp:ap-southeast-1:167433701110:userpool/ap-southeast-1_FtBd1Jggq",
            "auto_verified_attributes": [
              "email"
            ],
            "creation_date": "2024-10-21T14:37:26Z",
            "custom_domain": "",
            "deletion_protection": "INACTIVE",
            "device_configuration": [],
            "domain": "",
            "email_configuration": [
              {
                "configuration_set": "",
                "email_sending_account": "COGNITO_DEFAULT",
                "from_email_address": "",
                "reply_to_email_address": "",
                "source_arn": ""
              }
            ],
            "email_verification_message": "Your verification code is {####}. Use this code to verify your email address.",
            "email_verification_subject": "Verify your email address",
            "endpoint": "cognito-idp.ap-southeast-1.amazonaws.com/ap-southeast-1_FtBd1Jggq",
            "estimated_number_of_users": 1,
            "id": "ap-southeast-1_FtBd1Jggq",
            "lambda_config": [],
            "last_modified_date": "2024-10-23T10:01:46Z",
            "mfa_configuration": "ON",
            "name": "KMA_cognito",
            "password_policy": [
              {
                "minimum_length": 6,
                "require_lowercase": false,
                "require_numbers": false,
                "require_symbols": false,
                "require_uppercase": false,
                "temporary_password_validity_days": 7
              }
            ],
            "schema": [
              {
                "attribute_data_type": "String",
                "developer_only_attribute": false,
                "mutable": true,
                "name": "address",
                "number_attribute_constraints": [],
                "required": false,
                "string_attribute_constraints": [
                  {
                    "max_length": "100",
                    "min_length": "10"
                  }
                ]
              }
            ],
            "sms_authentication_message": "",
            "sms_configuration": [],
            "sms_verification_message": "",
            "software_token_mfa_configuration": [
              {
                "enabled": true
              }
            ],
            "tags": {},
            "tags_all": {},
            "user_attribute_update_settings": [],
            "user_pool_add_ons": [],
            "username_attributes": [],
            "username_configuration": [
              {
                "case_sensitive": false
              }
            ],
            "verification_message_template": [
              {
                "default_email_option": "CONFIRM_WITH_CODE",
                "email_message": "Your verification code is {####}. Use this code to verify your email address.",
                "email_message_by_link": "Click {##Click Here##}",
                "email_subject": "Verify your email address",
                "email_subject_by_link": "email_subject_by_link",
                "sms_message": ""
              }
            ]
          },
          "sensitive_attributes": [],
          "private": "bnVsbA=="
        }
      ]
    },
    {
      "module": "module.aws_cognito",
      "mode": "managed",
      "type": "aws_cognito_user_pool_client",
      "name": "userpool_client",
      "provider": "provider[\"registry.terraform.io/hashicorp/aws\"]",
      "instances": [
        {
          "schema_version": 0,
          "attributes": {
            "access_token_validity": 5,
            "allowed_oauth_flows": [],
            "allowed_oauth_flows_user_pool_client": false,
            "allowed_oauth_scopes": [],
            "analytics_configuration": [],
            "auth_session_validity": 5,
            "callback_urls": [
              "https://yourapp.example.com/callback"
            ],
            "client_secret": "",
            "default_redirect_uri": "",
            "enable_propagate_additional_user_context_data": false,
            "enable_token_revocation": false,
            "explicit_auth_flows": [
              "ALLOW_REFRESH_TOKEN_AUTH",
              "ALLOW_USER_PASSWORD_AUTH",
              "ALLOW_USER_SRP_AUTH"
            ],
            "generate_secret": false,
            "id": "3mc0f53kigpjm0cfkomn9kvc8",
            "id_token_validity": 5,
            "logout_urls": [
              "https://yourapp.example.com/logout"
            ],
            "name": "KMA_client",
            "prevent_user_existence_errors": "ENABLED",
            "read_attributes": [],
            "refresh_token_validity": 1,
            "supported_identity_providers": [],
            "token_validity_units": [
              {
                "access_token": "minutes",
                "id_token": "minutes",
                "refresh_token": "hours"
              }
            ],
            "user_pool_id": "ap-southeast-1_FtBd1Jggq",
            "write_attributes": []
          },
          "sensitive_attributes": [],
          "dependencies": [
            "module.aws_cognito.aws_cognito_user_pool.cognito_pool_001"
          ],
          "create_before_destroy": true
        }
      ]
    },
    {
      "module": "module.aws_dynamodb",
      "mode": "managed",
      "type": "aws_dynamodb_table",
      "name": "my_table",
      "provider": "provider[\"registry.terraform.io/hashicorp/aws\"]",
      "instances": [
        {
          "schema_version": 1,
          "attributes": {
            "arn": "arn:aws:dynamodb:ap-southeast-1:167433701110:table/KMA-DynamoDB",
            "attribute": [
              {
                "name": "email",
                "type": "S"
              },
              {
                "name": "id",
                "type": "S"
              }
            ],
            "billing_mode": "PAY_PER_REQUEST",
            "deletion_protection_enabled": false,
            "global_secondary_index": [],
            "hash_key": "id",
            "id": "KMA-DynamoDB",
            "import_table": [],
            "local_secondary_index": [],
            "name": "KMA-DynamoDB",
            "point_in_time_recovery": [
              {
                "enabled": false
              }
            ],
            "range_key": "email",
            "read_capacity": 0,
            "replica": [],
            "restore_date_time": null,
            "restore_source_name": null,
            "restore_to_latest_time": null,
            "server_side_encryption": [],
            "stream_arn": "",
            "stream_enabled": false,
            "stream_label": "",
            "stream_view_type": "",
            "table_class": "STANDARD",
            "tags": {},
            "tags_all": {},
            "timeouts": null,
            "ttl": [
              {
                "attribute_name": "",
                "enabled": false
              }
            ],
            "write_capacity": 0
          },
          "sensitive_attributes": [],
          "private": "eyJlMmJmYjczMC1lY2FhLTExZTYtOGY4OC0zNDM2M2JjN2M0YzAiOnsiY3JlYXRlIjoxODAwMDAwMDAwMDAwLCJkZWxldGUiOjYwMDAwMDAwMDAwMCwidXBkYXRlIjozNjAwMDAwMDAwMDAwfSwic2NoZW1hX3ZlcnNpb24iOiIxIn0="
        }
      ]
    },
    {
      "module": "module.aws_iam_role",
      "mode": "managed",
      "type": "aws_iam_policy",
      "name": "api_gateway_policy_invoke_function",
      "provider": "provider[\"registry.terraform.io/hashicorp/aws\"]",
      "instances": [
        {
          "schema_version": 0,
          "attributes": {
            "arn": "arn:aws:iam::167433701110:policy/api_gateway_policy",
            "attachment_count": 1,
            "description": "IAM policy for API Gateway to invoke Lambda function",
            "id": "arn:aws:iam::167433701110:policy/api_gateway_policy",
            "name": "api_gateway_policy",
            "name_prefix": "",
            "path": "/",
            "policy": "{\"Statement\":[{\"Action\":\"lambda:InvokeFunction\",\"Effect\":\"Allow\",\"Resource\":\"*\"}],\"Version\":\"2012-10-17\"}",
            "policy_id": "ANPASN66TQ33BDUNAZJBR",
            "tags": {},
            "tags_all": {}
          },
          "sensitive_attributes": [],
          "private": "bnVsbA==",
          "create_before_destroy": true
        }
      ]
    },
    {
      "module": "module.aws_iam_role",
      "mode": "managed",
      "type": "aws_iam_policy",
      "name": "lambda_dynamodb_policy",
      "provider": "provider[\"registry.terraform.io/hashicorp/aws\"]",
      "instances": [
        {
          "schema_version": 0,
          "attributes": {
            "arn": "arn:aws:iam::167433701110:policy/lambda_dynamodb_policy",
            "attachment_count": 2,
            "description": "Policy to allow Lambda to read from DynamoDB",
            "id": "arn:aws:iam::167433701110:policy/lambda_dynamodb_policy",
            "name": "lambda_dynamodb_policy",
            "name_prefix": "",
            "path": "/",
            "policy": "{\"Statement\":[{\"Action\":\"dynamodb:*\",\"Effect\":\"Allow\",\"Resource\":\"*\"}],\"Version\":\"2012-10-17\"}",
            "policy_id": "ANPASN66TQ33NMK5WVCTJ",
            "tags": {},
            "tags_all": {}
          },
          "sensitive_attributes": [],
          "private": "bnVsbA==",
          "create_before_destroy": true
        }
      ]
    },
    {
      "module": "module.aws_iam_role",
      "mode": "managed",
      "type": "aws_iam_policy",
      "name": "lambda_policy",
      "provider": "provider[\"registry.terraform.io/hashicorp/aws\"]",
      "instances": [
        {
          "schema_version": 0,
          "attributes": {
            "arn": "arn:aws:iam::167433701110:policy/lambda_sqs_policy",
            "attachment_count": 1,
            "description": "Policy to allow Lambda to read from SQS",
            "id": "arn:aws:iam::167433701110:policy/lambda_sqs_policy",
            "name": "lambda_sqs_policy",
            "name_prefix": "",
            "path": "/",
            "policy": "{\"Statement\":[{\"Action\":[\"sqs:ReceiveMessage\",\"sqs:DeleteMessage\",\"sqs:GetQueueAttributes\"],\"Effect\":\"Allow\",\"Resource\":\"arn:aws:sqs:ap-southeast-1:167433701110:KMA-Queue\"}],\"Version\":\"2012-10-17\"}",
            "policy_id": "ANPASN66TQ33CPRYDCIB7",
            "tags": {},
            "tags_all": {}
          },
          "sensitive_attributes": [],
          "private": "bnVsbA==",
          "dependencies": [
            "module.aws_sqs.aws_sqs_queue.sqs_queue"
          ],
          "create_before_destroy": true
        }
      ]
    },
    {
      "module": "module.aws_iam_role",
      "mode": "managed",
      "type": "aws_iam_policy",
      "name": "sqs_full_access",
      "provider": "provider[\"registry.terraform.io/hashicorp/aws\"]",
      "instances": [
        {
          "schema_version": 0,
          "attributes": {
            "arn": "arn:aws:iam::167433701110:policy/SQSFullAccessPolicy",
            "attachment_count": 1,
            "description": "Policy that grants full access to SQS",
            "id": "arn:aws:iam::167433701110:policy/SQSFullAccessPolicy",
            "name": "SQSFullAccessPolicy",
            "name_prefix": "",
            "path": "/",
            "policy": "{\"Statement\":[{\"Action\":\"sqs:*\",\"Effect\":\"Allow\",\"Resource\":\"*\"}],\"Version\":\"2012-10-17\"}",
            "policy_id": "ANPASN66TQ33LYOUPG5BW",
            "tags": {},
            "tags_all": {}
          },
          "sensitive_attributes": [],
          "private": "bnVsbA==",
          "create_before_destroy": true
        }
      ]
    },
    {
      "module": "module.aws_iam_role",
      "mode": "managed",
      "type": "aws_iam_role",
      "name": "apiSQS",
      "provider": "provider[\"registry.terraform.io/hashicorp/aws\"]",
      "instances": [
        {
          "schema_version": 0,
          "attributes": {
            "arn": "arn:aws:iam::167433701110:role/apigateway_sqs",
            "assume_role_policy": "{\"Statement\":[{\"Action\":\"sts:AssumeRole\",\"Effect\":\"Allow\",\"Principal\":{\"Service\":\"apigateway.amazonaws.com\"},\"Sid\":\"\"}],\"Version\":\"2012-10-17\"}",
            "create_date": "2024-10-21T15:15:45Z",
            "description": "",
            "force_detach_policies": false,
            "id": "apigateway_sqs",
            "inline_policy": [],
            "managed_policy_arns": [
              "arn:aws:iam::167433701110:policy/SQSFullAccessPolicy"
            ],
            "max_session_duration": 3600,
            "name": "apigateway_sqs",
            "name_prefix": "",
            "path": "/",
            "permissions_boundary": "",
            "tags": {},
            "tags_all": {},
            "unique_id": "AROASN66TQ33J46JPNEZH"
          },
          "sensitive_attributes": [],
          "private": "bnVsbA==",
          "create_before_destroy": true
        }
      ]
    },
    {
      "module": "module.aws_iam_role",
      "mode": "managed",
      "type": "aws_iam_role",
      "name": "apigw_role_execution",
      "provider": "provider[\"registry.terraform.io/hashicorp/aws\"]",
      "instances": [
        {
          "schema_version": 0,
          "attributes": {
            "arn": "arn:aws:iam::167433701110:role/apigw_execution_role",
            "assume_role_policy": "{\"Statement\":[{\"Action\":[\"sts:AssumeRole\"],\"Effect\":\"Allow\",\"Principal\":{\"Service\":[\"apigateway.amazonaws.com\"]}}],\"Version\":\"2012-10-17\"}",
            "create_date": "2024-10-21T14:37:26Z",
            "description": "",
            "force_detach_policies": false,
            "id": "apigw_execution_role",
            "inline_policy": [],
            "managed_policy_arns": [
              "arn:aws:iam::167433701110:policy/api_gateway_policy"
            ],
            "max_session_duration": 3600,
            "name": "apigw_execution_role",
            "name_prefix": "",
            "path": "/",
            "permissions_boundary": "",
            "tags": {},
            "tags_all": {},
            "unique_id": "AROASN66TQ33NJ57PPY6Q"
          },
          "sensitive_attributes": [],
          "private": "bnVsbA==",
          "create_before_destroy": true
        }
      ]
    },
    {
      "module": "module.aws_iam_role",
      "mode": "managed",
      "type": "aws_iam_role",
      "name": "lambda_role",
      "provider": "provider[\"registry.terraform.io/hashicorp/aws\"]",
      "instances": [
        {
          "schema_version": 0,
          "attributes": {
            "arn": "arn:aws:iam::167433701110:role/lambda_execution_role",
            "assume_role_policy": "{\"Statement\":[{\"Action\":[\"sts:AssumeRole\"],\"Effect\":\"Allow\",\"Principal\":{\"Service\":[\"lambda.amazonaws.com\"]}}],\"Version\":\"2012-10-17\"}",
            "create_date": "2024-10-21T14:37:26Z",
            "description": "",
            "force_detach_policies": false,
            "id": "lambda_execution_role",
            "inline_policy": [],
            "managed_policy_arns": [
              "arn:aws:iam::167433701110:policy/lambda_dynamodb_policy",
              "arn:aws:iam::aws:policy/service-role/AWSAppSyncPushToCloudWatchLogs"
            ],
            "max_session_duration": 3600,
            "name": "lambda_execution_role",
            "name_prefix": "",
            "path": "/",
            "permissions_boundary": "",
            "tags": {},
            "tags_all": {},
            "unique_id": "AROASN66TQ33JY56HYOXI"
          },
          "sensitive_attributes": [],
          "private": "bnVsbA==",
          "create_before_destroy": true
        }
      ]
    },
    {
      "module": "module.aws_iam_role",
      "mode": "managed",
      "type": "aws_iam_role",
      "name": "lambda_sqs_role",
      "provider": "provider[\"registry.terraform.io/hashicorp/aws\"]",
      "instances": [
        {
          "schema_version": 0,
          "attributes": {
            "arn": "arn:aws:iam::167433701110:role/lambda_sqs_role",
            "assume_role_policy": "{\"Statement\":[{\"Action\":\"sts:AssumeRole\",\"Effect\":\"Allow\",\"Principal\":{\"Service\":\"lambda.amazonaws.com\"},\"Sid\":\"\"}],\"Version\":\"2012-10-17\"}",
            "create_date": "2024-10-22T14:11:44Z",
            "description": "",
            "force_detach_policies": false,
            "id": "lambda_sqs_role",
            "inline_policy": [],
            "managed_policy_arns": [
              "arn:aws:iam::167433701110:policy/lambda_dynamodb_policy",
              "arn:aws:iam::167433701110:policy/lambda_sqs_policy",
              "arn:aws:iam::aws:policy/service-role/AWSAppSyncPushToCloudWatchLogs"
            ],
            "max_session_duration": 3600,
            "name": "lambda_sqs_role",
            "name_prefix": "",
            "path": "/",
            "permissions_boundary": "",
            "tags": {},
            "tags_all": {},
            "unique_id": "AROASN66TQ33CYGN3H5OC"
          },
          "sensitive_attributes": [],
          "private": "bnVsbA==",
          "create_before_destroy": true
        }
      ]
    },
    {
      "module": "module.aws_iam_role",
      "mode": "managed",
      "type": "aws_iam_role_policy_attachment",
      "name": "api_gateway_role_policy_attachment",
      "provider": "provider[\"registry.terraform.io/hashicorp/aws\"]",
      "instances": [
        {
          "schema_version": 0,
          "attributes": {
            "id": "apigw_execution_role-20241021143728294900000002",
            "policy_arn": "arn:aws:iam::167433701110:policy/api_gateway_policy",
            "role": "apigw_execution_role"
          },
          "sensitive_attributes": [],
          "private": "bnVsbA==",
          "dependencies": [
            "module.aws_iam_role.aws_iam_policy.api_gateway_policy_invoke_function",
            "module.aws_iam_role.aws_iam_role.apigw_role_execution"
          ],
          "create_before_destroy": true
        }
      ]
    },
    {
      "module": "module.aws_iam_role",
      "mode": "managed",
      "type": "aws_iam_role_policy_attachment",
      "name": "attach_sqs_policy",
      "provider": "provider[\"registry.terraform.io/hashicorp/aws\"]",
      "instances": [
        {
          "schema_version": 0,
          "attributes": {
            "id": "apigateway_sqs-20241021152141252300000001",
            "policy_arn": "arn:aws:iam::167433701110:policy/SQSFullAccessPolicy",
            "role": "apigateway_sqs"
          },
          "sensitive_attributes": [],
          "private": "bnVsbA==",
          "dependencies": [
            "module.aws_iam_role.aws_iam_policy.sqs_full_access",
            "module.aws_iam_role.aws_iam_role.apiSQS"
          ],
          "create_before_destroy": true
        }
      ]
    },
    {
      "module": "module.aws_iam_role",
      "mode": "managed",
      "type": "aws_iam_role_policy_attachment",
      "name": "lambda_dynamodb_policy_attachment",
      "provider": "provider[\"registry.terraform.io/hashicorp/aws\"]",
      "instances": [
        {
          "schema_version": 0,
          "attributes": {
            "id": "lambda_sqs_role-20241022160907136900000001",
            "policy_arn": "arn:aws:iam::167433701110:policy/lambda_dynamodb_policy",
            "role": "lambda_sqs_role"
          },
          "sensitive_attributes": [],
          "private": "bnVsbA==",
          "dependencies": [
            "module.aws_iam_role.aws_iam_policy.lambda_dynamodb_policy",
            "module.aws_iam_role.aws_iam_role.lambda_sqs_role"
          ],
          "create_before_destroy": true
        }
      ]
    },
    {
      "module": "module.aws_iam_role",
      "mode": "managed",
      "type": "aws_iam_role_policy_attachment",
      "name": "lambda_dynamodb_policy_attachment_02",
      "provider": "provider[\"registry.terraform.io/hashicorp/aws\"]",
      "instances": [
        {
          "schema_version": 0,
          "attributes": {
            "id": "lambda_execution_role-20241023043326756500000001",
            "policy_arn": "arn:aws:iam::167433701110:policy/lambda_dynamodb_policy",
            "role": "lambda_execution_role"
          },
          "sensitive_attributes": [],
          "private": "bnVsbA==",
          "dependencies": [
            "module.aws_iam_role.aws_iam_policy.lambda_dynamodb_policy",
            "module.aws_iam_role.aws_iam_role.lambda_role"
          ],
          "create_before_destroy": true
        }
      ]
    },
    {
      "module": "module.aws_iam_role",
      "mode": "managed",
      "type": "aws_iam_role_policy_attachment",
      "name": "lambda_policy_attachment",
      "provider": "provider[\"registry.terraform.io/hashicorp/aws\"]",
      "instances": [
        {
          "schema_version": 0,
          "attributes": {
            "id": "lambda_sqs_role-20241022141812942600000001",
            "policy_arn": "arn:aws:iam::167433701110:policy/lambda_sqs_policy",
            "role": "lambda_sqs_role"
          },
          "sensitive_attributes": [],
          "private": "bnVsbA==",
          "dependencies": [
            "module.aws_iam_role.aws_iam_policy.lambda_policy",
            "module.aws_iam_role.aws_iam_role.lambda_sqs_role",
            "module.aws_sqs.aws_sqs_queue.sqs_queue"
          ],
          "create_before_destroy": true
        }
      ]
    },
    {
      "module": "module.aws_iam_role",
      "mode": "managed",
      "type": "aws_iam_role_policy_attachment",
      "name": "lambda_push_to_cloudwatch_logs",
      "provider": "provider[\"registry.terraform.io/hashicorp/aws\"]",
      "instances": [
        {
          "schema_version": 0,
          "attributes": {
            "id": "lambda_execution_role-20241021143728071400000001",
            "policy_arn": "arn:aws:iam::aws:policy/service-role/AWSAppSyncPushToCloudWatchLogs",
            "role": "lambda_execution_role"
          },
          "sensitive_attributes": [],
          "private": "bnVsbA==",
          "dependencies": [
            "module.aws_iam_role.aws_iam_role.lambda_role"
          ],
          "create_before_destroy": true
        }
      ]
    },
    {
      "module": "module.aws_iam_role",
      "mode": "managed",
      "type": "aws_iam_role_policy_attachment",
      "name": "lambda_sqs_push_to_cloudwatch_logs",
      "provider": "provider[\"registry.terraform.io/hashicorp/aws\"]",
      "instances": [
        {
          "schema_version": 0,
          "attributes": {
            "id": "lambda_sqs_role-20241022145924268900000001",
            "policy_arn": "arn:aws:iam::aws:policy/service-role/AWSAppSyncPushToCloudWatchLogs",
            "role": "lambda_sqs_role"
          },
          "sensitive_attributes": [],
          "private": "bnVsbA==",
          "dependencies": [
            "module.aws_iam_role.aws_iam_role.lambda_sqs_role"
          ],
          "create_before_destroy": true
        }
      ]
    },
    {
      "module": "module.aws_lambda",
      "mode": "data",
      "type": "archive_file",
      "name": "lambda_zip",
      "provider": "provider[\"registry.terraform.io/hashicorp/archive\"]",
      "instances": [
        {
          "schema_version": 0,
          "attributes": {
            "exclude_symlink_directories": null,
            "excludes": null,
            "id": "ea0a30862345faf7058487b4ffa8e414008ddb85",
            "output_base64sha256": "frauYMCnVTZkBHvUTw2MvOJHk8/z6advjGlGidrFrfU=",
            "output_base64sha512": "qbWcj1tnzAD0JGFuQS67mgTAxV7EpHUepvUiE9hX8ra4CwSQcLIqeFKbZTeOFWGSC90wyQSMPKqD0xu3/OYrKQ==",
            "output_file_mode": null,
            "output_md5": "23668119529b7fd5a28d842a6a62f591",
            "output_path": "modules/lambda/javascripts/users/users.zip",
            "output_sha": "ea0a30862345faf7058487b4ffa8e414008ddb85",
            "output_sha256": "7eb6ae60c0a7553664047bd44f0d8cbce24793cff3e9a76f8c694689dac5adf5",
            "output_sha512": "a9b59c8f5b67cc00f424616e412ebb9a04c0c55ec4a4751ea6f52213d857f2b6b80b049070b22a78529b65378e1561920bdd30c9048c3caa83d31bb7fce62b29",
            "output_size": 1945,
            "source": [],
            "source_content": null,
            "source_content_filename": null,
            "source_dir": "modules/lambda/javascripts/users/",
            "source_file": null,
            "type": "zip"
          },
          "sensitive_attributes": []
        }
      ]
    },
    {
      "module": "module.aws_lambda",
      "mode": "managed",
      "type": "aws_lambda_function",
      "name": "lambda_delete_user",
      "provider": "provider[\"registry.terraform.io/hashicorp/aws\"]",
      "instances": [
        {
          "schema_version": 0,
          "attributes": {
            "architectures": [
              "x86_64"
            ],
            "arn": "arn:aws:lambda:ap-southeast-1:167433701110:function:lambda_delete_user",
            "code_sha256": "frauYMCnVTZkBHvUTw2MvOJHk8/z6advjGlGidrFrfU=",
            "code_signing_config_arn": "",
            "dead_letter_config": [],
            "description": "",
            "environment": [
              {
                "variables": {
                  "REGION": "ap-southeast-1",
                  "TABLE_NAME": "KMA-DynamoDB",
                  "foo": "bar"
                }
              }
            ],
            "ephemeral_storage": [
              {
                "size": 512
              }
            ],
            "file_system_config": [],
            "filename": "modules/lambda/javascripts/users/users.zip",
            "function_name": "lambda_delete_user",
            "handler": "delete_user.handler",
            "id": "lambda_delete_user",
            "image_config": [],
            "image_uri": "",
            "invoke_arn": "arn:aws:apigateway:ap-southeast-1:lambda:path/2015-03-31/functions/arn:aws:lambda:ap-southeast-1:167433701110:function:lambda_delete_user/invocations",
            "kms_key_arn": "",
            "last_modified": "2024-10-23T09:43:29.000+0000",
            "layers": [],
            "logging_config": [
              {
                "application_log_level": "",
                "log_format": "Text",
                "log_group": "/aws/lambda/lambda_delete_user",
                "system_log_level": ""
              }
            ],
            "memory_size": 128,
            "package_type": "Zip",
            "publish": false,
            "qualified_arn": "arn:aws:lambda:ap-southeast-1:167433701110:function:lambda_delete_user:$LATEST",
            "qualified_invoke_arn": "arn:aws:apigateway:ap-southeast-1:lambda:path/2015-03-31/functions/arn:aws:lambda:ap-southeast-1:167433701110:function:lambda_delete_user:$LATEST/invocations",
            "replace_security_groups_on_destroy": null,
            "replacement_security_group_ids": null,
            "reserved_concurrent_executions": -1,
            "role": "arn:aws:iam::167433701110:role/lambda_execution_role",
            "runtime": "nodejs20.x",
            "s3_bucket": null,
            "s3_key": null,
            "s3_object_version": null,
            "signing_job_arn": "",
            "signing_profile_version_arn": "",
            "skip_destroy": false,
            "snap_start": [],
            "source_code_hash": "frauYMCnVTZkBHvUTw2MvOJHk8/z6advjGlGidrFrfU=",
            "source_code_size": 1945,
            "tags": {},
            "tags_all": {},
            "timeout": 3,
            "timeouts": null,
            "tracing_config": [
              {
                "mode": "PassThrough"
              }
            ],
            "version": "$LATEST",
            "vpc_config": []
          },
          "sensitive_attributes": [],
          "private": "eyJlMmJmYjczMC1lY2FhLTExZTYtOGY4OC0zNDM2M2JjN2M0YzAiOnsiY3JlYXRlIjo2MDAwMDAwMDAwMDAsImRlbGV0ZSI6NjAwMDAwMDAwMDAwLCJ1cGRhdGUiOjYwMDAwMDAwMDAwMH19",
          "dependencies": [
            "module.aws_iam_role.aws_iam_policy.api_gateway_policy_invoke_function",
            "module.aws_iam_role.aws_iam_policy.lambda_dynamodb_policy",
            "module.aws_iam_role.aws_iam_policy.lambda_policy",
            "module.aws_iam_role.aws_iam_policy.sqs_full_access",
            "module.aws_iam_role.aws_iam_role.apiSQS",
            "module.aws_iam_role.aws_iam_role.apigw_role_execution",
            "module.aws_iam_role.aws_iam_role.lambda_role",
            "module.aws_iam_role.aws_iam_role.lambda_sqs_role",
            "module.aws_iam_role.aws_iam_role_policy_attachment.api_gateway_role_policy_attachment",
            "module.aws_iam_role.aws_iam_role_policy_attachment.attach_sqs_policy",
            "module.aws_iam_role.aws_iam_role_policy_attachment.lambda_dynamodb_policy_attachment",
            "module.aws_iam_role.aws_iam_role_policy_attachment.lambda_dynamodb_policy_attachment_02",
            "module.aws_iam_role.aws_iam_role_policy_attachment.lambda_policy_attachment",
            "module.aws_iam_role.aws_iam_role_policy_attachment.lambda_push_to_cloudwatch_logs",
            "module.aws_iam_role.aws_iam_role_policy_attachment.lambda_sqs_push_to_cloudwatch_logs",
            "module.aws_lambda.data.archive_file.lambda_zip",
            "module.aws_sqs.aws_sqs_queue.sqs_queue"
          ],
          "create_before_destroy": true
        }
      ]
    },
    {
      "module": "module.aws_lambda",
      "mode": "managed",
      "type": "aws_lambda_function",
      "name": "lambda_get_user",
      "provider": "provider[\"registry.terraform.io/hashicorp/aws\"]",
      "instances": [
        {
          "schema_version": 0,
          "attributes": {
            "architectures": [
              "x86_64"
            ],
            "arn": "arn:aws:lambda:ap-southeast-1:167433701110:function:lambda_get_user",
            "code_sha256": "frauYMCnVTZkBHvUTw2MvOJHk8/z6advjGlGidrFrfU=",
            "code_signing_config_arn": "",
            "dead_letter_config": [],
            "description": "",
            "environment": [
              {
                "variables": {
                  "REGION": "ap-southeast-1",
                  "TABLE_NAME": "KMA-DynamoDB",
                  "foo": "bar"
                }
              }
            ],
            "ephemeral_storage": [
              {
                "size": 512
              }
            ],
            "file_system_config": [],
            "filename": "modules/lambda/javascripts/users/users.zip",
            "function_name": "lambda_get_user",
            "handler": "get_user.handler",
            "id": "lambda_get_user",
            "image_config": [],
            "image_uri": "",
            "invoke_arn": "arn:aws:apigateway:ap-southeast-1:lambda:path/2015-03-31/functions/arn:aws:lambda:ap-southeast-1:167433701110:function:lambda_get_user/invocations",
            "kms_key_arn": "",
            "last_modified": "2024-10-23T09:43:23.000+0000",
            "layers": [],
            "logging_config": [
              {
                "application_log_level": "",
                "log_format": "Text",
                "log_group": "/aws/lambda/lambda_get_user",
                "system_log_level": ""
              }
            ],
            "memory_size": 128,
            "package_type": "Zip",
            "publish": false,
            "qualified_arn": "arn:aws:lambda:ap-southeast-1:167433701110:function:lambda_get_user:$LATEST",
            "qualified_invoke_arn": "arn:aws:apigateway:ap-southeast-1:lambda:path/2015-03-31/functions/arn:aws:lambda:ap-southeast-1:167433701110:function:lambda_get_user:$LATEST/invocations",
            "replace_security_groups_on_destroy": null,
            "replacement_security_group_ids": null,
            "reserved_concurrent_executions": -1,
            "role": "arn:aws:iam::167433701110:role/lambda_execution_role",
            "runtime": "nodejs20.x",
            "s3_bucket": null,
            "s3_key": null,
            "s3_object_version": null,
            "signing_job_arn": "",
            "signing_profile_version_arn": "",
            "skip_destroy": false,
            "snap_start": [],
            "source_code_hash": "frauYMCnVTZkBHvUTw2MvOJHk8/z6advjGlGidrFrfU=",
            "source_code_size": 1945,
            "tags": {},
            "tags_all": {},
            "timeout": 3,
            "timeouts": null,
            "tracing_config": [
              {
                "mode": "PassThrough"
              }
            ],
            "version": "$LATEST",
            "vpc_config": []
          },
          "sensitive_attributes": [],
          "private": "eyJlMmJmYjczMC1lY2FhLTExZTYtOGY4OC0zNDM2M2JjN2M0YzAiOnsiY3JlYXRlIjo2MDAwMDAwMDAwMDAsImRlbGV0ZSI6NjAwMDAwMDAwMDAwLCJ1cGRhdGUiOjYwMDAwMDAwMDAwMH19",
          "dependencies": [
            "module.aws_iam_role.aws_iam_policy.api_gateway_policy_invoke_function",
            "module.aws_iam_role.aws_iam_policy.lambda_dynamodb_policy",
            "module.aws_iam_role.aws_iam_policy.lambda_policy",
            "module.aws_iam_role.aws_iam_policy.sqs_full_access",
            "module.aws_iam_role.aws_iam_role.apiSQS",
            "module.aws_iam_role.aws_iam_role.apigw_role_execution",
            "module.aws_iam_role.aws_iam_role.lambda_role",
            "module.aws_iam_role.aws_iam_role.lambda_sqs_role",
            "module.aws_iam_role.aws_iam_role_policy_attachment.api_gateway_role_policy_attachment",
            "module.aws_iam_role.aws_iam_role_policy_attachment.attach_sqs_policy",
            "module.aws_iam_role.aws_iam_role_policy_attachment.lambda_dynamodb_policy_attachment",
            "module.aws_iam_role.aws_iam_role_policy_attachment.lambda_dynamodb_policy_attachment_02",
            "module.aws_iam_role.aws_iam_role_policy_attachment.lambda_policy_attachment",
            "module.aws_iam_role.aws_iam_role_policy_attachment.lambda_push_to_cloudwatch_logs",
            "module.aws_iam_role.aws_iam_role_policy_attachment.lambda_sqs_push_to_cloudwatch_logs",
            "module.aws_lambda.data.archive_file.lambda_zip",
            "module.aws_sqs.aws_sqs_queue.sqs_queue"
          ],
          "create_before_destroy": true
        }
      ]
    },
    {
      "module": "module.aws_lambda",
      "mode": "managed",
      "type": "aws_lambda_function",
      "name": "lambda_post_user",
      "provider": "provider[\"registry.terraform.io/hashicorp/aws\"]",
      "instances": [
        {
          "schema_version": 0,
          "attributes": {
            "architectures": [
              "x86_64"
            ],
            "arn": "arn:aws:lambda:ap-southeast-1:167433701110:function:lambda_post_user",
            "code_sha256": "frauYMCnVTZkBHvUTw2MvOJHk8/z6advjGlGidrFrfU=",
            "code_signing_config_arn": "",
            "dead_letter_config": [],
            "description": "",
            "environment": [
              {
                "variables": {
                  "REGION": "ap-southeast-1",
                  "TABLE_NAME": "KMA-DynamoDB",
                  "foo": "bar"
                }
              }
            ],
            "ephemeral_storage": [
              {
                "size": 512
              }
            ],
            "file_system_config": [],
            "filename": "modules/lambda/javascripts/users/users.zip",
            "function_name": "lambda_post_user",
            "handler": "post_user.handler",
            "id": "lambda_post_user",
            "image_config": [],
            "image_uri": "",
            "invoke_arn": "arn:aws:apigateway:ap-southeast-1:lambda:path/2015-03-31/functions/arn:aws:lambda:ap-southeast-1:167433701110:function:lambda_post_user/invocations",
            "kms_key_arn": "",
            "last_modified": "2024-10-23T09:43:38.000+0000",
            "layers": [],
            "logging_config": [
              {
                "application_log_level": "",
                "log_format": "Text",
                "log_group": "/aws/lambda/lambda_post_user",
                "system_log_level": ""
              }
            ],
            "memory_size": 128,
            "package_type": "Zip",
            "publish": false,
            "qualified_arn": "arn:aws:lambda:ap-southeast-1:167433701110:function:lambda_post_user:$LATEST",
            "qualified_invoke_arn": "arn:aws:apigateway:ap-southeast-1:lambda:path/2015-03-31/functions/arn:aws:lambda:ap-southeast-1:167433701110:function:lambda_post_user:$LATEST/invocations",
            "replace_security_groups_on_destroy": null,
            "replacement_security_group_ids": null,
            "reserved_concurrent_executions": -1,
            "role": "arn:aws:iam::167433701110:role/lambda_sqs_role",
            "runtime": "nodejs20.x",
            "s3_bucket": null,
            "s3_key": null,
            "s3_object_version": null,
            "signing_job_arn": "",
            "signing_profile_version_arn": "",
            "skip_destroy": false,
            "snap_start": [],
            "source_code_hash": "frauYMCnVTZkBHvUTw2MvOJHk8/z6advjGlGidrFrfU=",
            "source_code_size": 1945,
            "tags": {},
            "tags_all": {},
            "timeout": 3,
            "timeouts": null,
            "tracing_config": [
              {
                "mode": "PassThrough"
              }
            ],
            "version": "$LATEST",
            "vpc_config": []
          },
          "sensitive_attributes": [],
          "private": "eyJlMmJmYjczMC1lY2FhLTExZTYtOGY4OC0zNDM2M2JjN2M0YzAiOnsiY3JlYXRlIjo2MDAwMDAwMDAwMDAsImRlbGV0ZSI6NjAwMDAwMDAwMDAwLCJ1cGRhdGUiOjYwMDAwMDAwMDAwMH19",
          "dependencies": [
            "module.aws_iam_role.aws_iam_policy.api_gateway_policy_invoke_function",
            "module.aws_iam_role.aws_iam_policy.lambda_dynamodb_policy",
            "module.aws_iam_role.aws_iam_policy.lambda_policy",
            "module.aws_iam_role.aws_iam_policy.sqs_full_access",
            "module.aws_iam_role.aws_iam_role.apiSQS",
            "module.aws_iam_role.aws_iam_role.apigw_role_execution",
            "module.aws_iam_role.aws_iam_role.lambda_role",
            "module.aws_iam_role.aws_iam_role.lambda_sqs_role",
            "module.aws_iam_role.aws_iam_role_policy_attachment.api_gateway_role_policy_attachment",
            "module.aws_iam_role.aws_iam_role_policy_attachment.attach_sqs_policy",
            "module.aws_iam_role.aws_iam_role_policy_attachment.lambda_dynamodb_policy_attachment",
            "module.aws_iam_role.aws_iam_role_policy_attachment.lambda_dynamodb_policy_attachment_02",
            "module.aws_iam_role.aws_iam_role_policy_attachment.lambda_policy_attachment",
            "module.aws_iam_role.aws_iam_role_policy_attachment.lambda_push_to_cloudwatch_logs",
            "module.aws_iam_role.aws_iam_role_policy_attachment.lambda_sqs_push_to_cloudwatch_logs",
            "module.aws_lambda.data.archive_file.lambda_zip",
            "module.aws_sqs.aws_sqs_queue.sqs_queue"
          ],
          "create_before_destroy": true
        }
      ]
    },
    {
      "module": "module.aws_sqs",
      "mode": "managed",
      "type": "aws_lambda_event_source_mapping",
      "name": "event_source_mapping",
      "provider": "provider[\"registry.terraform.io/hashicorp/aws\"]",
      "instances": [
        {
          "schema_version": 0,
          "attributes": {
            "amazon_managed_kafka_event_source_config": [],
            "batch_size": 1,
            "bisect_batch_on_function_error": false,
            "destination_config": [],
            "document_db_event_source_config": [],
            "enabled": true,
            "event_source_arn": "arn:aws:sqs:ap-southeast-1:167433701110:KMA-Queue",
            "filter_criteria": [],
            "function_arn": "arn:aws:lambda:ap-southeast-1:167433701110:function:lambda_post_user",
            "function_name": "arn:aws:lambda:ap-southeast-1:167433701110:function:lambda_post_user",
            "function_response_types": [],
            "id": "3d0b4474-6a4c-4dba-8622-0313819ebaea",
            "last_modified": "2024-10-22T16:50:21Z",
            "last_processing_result": "",
            "maximum_batching_window_in_seconds": 0,
            "maximum_record_age_in_seconds": 0,
            "maximum_retry_attempts": 0,
            "parallelization_factor": 0,
            "queues": [],
            "scaling_config": [],
            "self_managed_event_source": [],
            "self_managed_kafka_event_source_config": [],
            "source_access_configuration": [],
            "starting_position": "",
            "starting_position_timestamp": "",
            "state": "Enabled",
            "state_transition_reason": "USER_INITIATED",
            "topics": [],
            "tumbling_window_in_seconds": 0,
            "uuid": "3d0b4474-6a4c-4dba-8622-0313819ebaea"
          },
          "sensitive_attributes": [],
          "private": "bnVsbA==",
          "dependencies": [
            "module.aws_iam_role.aws_iam_policy.api_gateway_policy_invoke_function",
            "module.aws_iam_role.aws_iam_policy.lambda_dynamodb_policy",
            "module.aws_iam_role.aws_iam_policy.lambda_policy",
            "module.aws_iam_role.aws_iam_policy.sqs_full_access",
            "module.aws_iam_role.aws_iam_role.apiSQS",
            "module.aws_iam_role.aws_iam_role.apigw_role_execution",
            "module.aws_iam_role.aws_iam_role.lambda_role",
            "module.aws_iam_role.aws_iam_role.lambda_sqs_role",
            "module.aws_iam_role.aws_iam_role_policy_attachment.api_gateway_role_policy_attachment",
            "module.aws_iam_role.aws_iam_role_policy_attachment.attach_sqs_policy",
            "module.aws_iam_role.aws_iam_role_policy_attachment.lambda_dynamodb_policy_attachment",
            "module.aws_iam_role.aws_iam_role_policy_attachment.lambda_dynamodb_policy_attachment_02",
            "module.aws_iam_role.aws_iam_role_policy_attachment.lambda_policy_attachment",
            "module.aws_iam_role.aws_iam_role_policy_attachment.lambda_push_to_cloudwatch_logs",
            "module.aws_iam_role.aws_iam_role_policy_attachment.lambda_sqs_push_to_cloudwatch_logs",
            "module.aws_lambda.aws_lambda_function.lambda_post_user",
            "module.aws_lambda.data.archive_file.lambda_zip",
            "module.aws_sqs.aws_sqs_queue.sqs_queue"
          ],
          "create_before_destroy": true
        }
      ]
    },
    {
      "module": "module.aws_sqs",
      "mode": "managed",
      "type": "aws_sqs_queue",
      "name": "sqs_queue",
      "provider": "provider[\"registry.terraform.io/hashicorp/aws\"]",
      "instances": [
        {
          "schema_version": 0,
          "attributes": {
            "arn": "arn:aws:sqs:ap-southeast-1:167433701110:KMA-Queue",
            "content_based_deduplication": false,
            "deduplication_scope": "",
            "delay_seconds": 0,
            "fifo_queue": false,
            "fifo_throughput_limit": "",
            "id": "https://sqs.ap-southeast-1.amazonaws.com/167433701110/KMA-Queue",
            "kms_data_key_reuse_period_seconds": 300,
            "kms_master_key_id": "",
            "max_message_size": 262144,
            "message_retention_seconds": 345600,
            "name": "KMA-Queue",
            "name_prefix": "",
            "policy": "",
            "receive_wait_time_seconds": 0,
            "redrive_allow_policy": "",
            "redrive_policy": "",
            "sqs_managed_sse_enabled": true,
            "tags": {
              "Environment": "production"
            },
            "tags_all": {
              "Environment": "production"
            },
            "url": "https://sqs.ap-southeast-1.amazonaws.com/167433701110/KMA-Queue",
            "visibility_timeout_seconds": 30
          },
          "sensitive_attributes": [],
          "private": "bnVsbA==",
          "create_before_destroy": true
        }
      ]
    }
  ],
  "check_results": null
}
