{
  "version": 4,
  "terraform_version": "1.7.5",
  "serial": 101,
  "lineage": "18fac76d-60d2-b510-5ae2-f58a4c0ef242",
  "outputs": {
    "aws_user_pools_id": {
      "value": "us-east-1_qWFwgudqf",
      "type": "string"
    },
    "aws_user_pools_web_client_id": {
      "value": "7blh9dd7ub2blhkr02u3biij2",
      "type": "string"
    }
  },
  "resources": [
    {
      "module": "module.aws_api_gateway",
      "mode": "managed",
      "type": "aws_api_gateway_authorizer",
      "name": "authorization_cognito",
      "provider": "provider[\"registry.terraform.io/hashicorp/aws\"]",
      "instances": [
        {
          "schema_version": 0,
          "attributes": {
            "arn": "arn:aws:apigateway:us-east-1::/restapis/x8h2j06t64/authorizers/6kxvru",
            "authorizer_credentials": "",
            "authorizer_result_ttl_in_seconds": 300,
            "authorizer_uri": "",
            "id": "6kxvru",
            "identity_source": "method.request.header.Authorization",
            "identity_validation_expression": "",
            "name": "authorizer-cognito-001",
            "provider_arns": [
              "arn:aws:cognito-idp:us-east-1:339713069769:userpool/us-east-1_qWFwgudqf"
            ],
            "rest_api_id": "x8h2j06t64",
            "type": "COGNITO_USER_POOLS"
          },
          "sensitive_attributes": [],
          "private": "bnVsbA==",
          "dependencies": [
            "module.aws_api_gateway.aws_api_gateway_rest_api.rest_api_gw",
            "module.aws_cognito.aws_cognito_user_pool.cognito_pool_001",
            "module.aws_cognito.aws_cognito_user_pool_client.userpool_client",
            "module.aws_iam_role.aws_iam_role.lambda_role",
            "module.aws_iam_role.aws_iam_role_policy_attachment.lambda_push_to_cloudwatch_logs",
            "module.aws_lambda.aws_lambda_function.lambda_get_user",
            "module.aws_lambda.data.archive_file.lambda_zip"
          ]
        }
      ]
    },
    {
      "module": "module.aws_api_gateway",
      "mode": "managed",
      "type": "aws_api_gateway_method",
      "name": "method_get_users",
      "provider": "provider[\"registry.terraform.io/hashicorp/aws\"]",
      "instances": [
        {
          "schema_version": 0,
          "attributes": {
            "api_key_required": false,
            "authorization": "COGNITO_USER_POOLS",
            "authorization_scopes": [],
            "authorizer_id": "6kxvru",
            "http_method": "GET",
            "id": "agm-x8h2j06t64-4std0j-GET",
            "operation_name": "",
            "request_models": {},
            "request_parameters": {},
            "request_validator_id": "",
            "resource_id": "4std0j",
            "rest_api_id": "x8h2j06t64"
          },
          "sensitive_attributes": [],
          "private": "bnVsbA==",
          "dependencies": [
            "module.aws_api_gateway.aws_api_gateway_authorizer.authorization_cognito",
            "module.aws_api_gateway.aws_api_gateway_resource.resource_users",
            "module.aws_api_gateway.aws_api_gateway_rest_api.rest_api_gw",
            "module.aws_cognito.aws_cognito_user_pool.cognito_pool_001",
            "module.aws_cognito.aws_cognito_user_pool_client.userpool_client",
            "module.aws_iam_role.aws_iam_role.lambda_role",
            "module.aws_iam_role.aws_iam_role_policy_attachment.lambda_push_to_cloudwatch_logs",
            "module.aws_lambda.aws_lambda_function.lambda_get_user",
            "module.aws_lambda.data.archive_file.lambda_zip"
          ]
        }
      ]
    },
    {
      "module": "module.aws_api_gateway",
      "mode": "managed",
      "type": "aws_api_gateway_resource",
      "name": "resource_users",
      "provider": "provider[\"registry.terraform.io/hashicorp/aws\"]",
      "instances": [
        {
          "schema_version": 0,
          "attributes": {
            "id": "4std0j",
            "parent_id": "7or0szi45m",
            "path": "/Users",
            "path_part": "Users",
            "rest_api_id": "x8h2j06t64"
          },
          "sensitive_attributes": [],
          "private": "bnVsbA==",
          "dependencies": [
            "module.aws_api_gateway.aws_api_gateway_rest_api.rest_api_gw",
            "module.aws_cognito.aws_cognito_user_pool.cognito_pool_001",
            "module.aws_cognito.aws_cognito_user_pool_client.userpool_client",
            "module.aws_iam_role.aws_iam_role.lambda_role",
            "module.aws_iam_role.aws_iam_role_policy_attachment.lambda_push_to_cloudwatch_logs",
            "module.aws_lambda.aws_lambda_function.lambda_get_user",
            "module.aws_lambda.data.archive_file.lambda_zip"
          ]
        }
      ]
    },
    {
      "module": "module.aws_api_gateway",
      "mode": "managed",
      "type": "aws_api_gateway_rest_api",
      "name": "rest_api_gw",
      "provider": "provider[\"registry.terraform.io/hashicorp/aws\"]",
      "instances": [
        {
          "schema_version": 0,
          "attributes": {
            "api_key_source": "HEADER",
            "arn": "arn:aws:apigateway:us-east-1::/restapis/x8h2j06t64",
            "binary_media_types": [],
            "body": null,
            "created_date": "2024-08-22T07:00:32Z",
            "description": "AWS Serverless",
            "disable_execute_api_endpoint": false,
            "endpoint_configuration": [
              {
                "types": [
                  "REGIONAL"
                ],
                "vpc_endpoint_ids": []
              }
            ],
            "execution_arn": "arn:aws:execute-api:us-east-1:339713069769:x8h2j06t64",
            "fail_on_warnings": null,
            "id": "x8h2j06t64",
            "minimum_compression_size": "",
            "name": "aws-serverless",
            "parameters": null,
            "policy": "",
            "put_rest_api_mode": null,
            "root_resource_id": "7or0szi45m",
            "tags": {},
            "tags_all": {}
          },
          "sensitive_attributes": [],
          "private": "bnVsbA==",
          "dependencies": [
            "module.aws_cognito.aws_cognito_user_pool.cognito_pool_001",
            "module.aws_cognito.aws_cognito_user_pool_client.userpool_client",
            "module.aws_iam_role.aws_iam_role.lambda_role",
            "module.aws_iam_role.aws_iam_role_policy_attachment.lambda_push_to_cloudwatch_logs",
            "module.aws_lambda.aws_lambda_function.lambda_get_user",
            "module.aws_lambda.data.archive_file.lambda_zip"
          ]
        }
      ]
    },
    {
      "module": "module.aws_cognito",
      "mode": "managed",
      "type": "aws_cognito_user_pool",
      "name": "cognito_pool_001",
      "provider": "provider[\"registry.terraform.io/hashicorp/aws\"]",
      "instances": [
        {
          "schema_version": 0,
          "attributes": {
            "account_recovery_setting": [
              {
                "recovery_mechanism": [
                  {
                    "name": "verified_email",
                    "priority": 1
                  }
                ]
              }
            ],
            "admin_create_user_config": [
              {
                "allow_admin_create_user_only": false,
                "invite_message_template": [
                  {
                    "email_message": "Hello {username}, Your account has been created. Your temporary password is {####}. Please log in and change your password.",
                    "email_subject": "Your account has been created",
                    "sms_message": "Hello {username}, Your account has been created. Your temporary password is {####}. Please log in and change your password."
                  }
                ]
              }
            ],
            "alias_attributes": [
              "email",
              "preferred_username"
            ],
            "arn": "arn:aws:cognito-idp:us-east-1:339713069769:userpool/us-east-1_qWFwgudqf",
            "auto_verified_attributes": [
              "email"
            ],
            "creation_date": "2024-08-22T07:00:32Z",
            "custom_domain": "",
            "deletion_protection": "INACTIVE",
            "device_configuration": [],
            "domain": "",
            "email_configuration": [
              {
                "configuration_set": "",
                "email_sending_account": "COGNITO_DEFAULT",
                "from_email_address": "",
                "reply_to_email_address": "",
                "source_arn": ""
              }
            ],
            "email_verification_message": "Your verification code is {####}. Use this code to verify your email address.",
            "email_verification_subject": "Verify your email address",
            "endpoint": "cognito-idp.us-east-1.amazonaws.com/us-east-1_qWFwgudqf",
            "estimated_number_of_users": 0,
            "id": "us-east-1_qWFwgudqf",
            "lambda_config": [],
            "last_modified_date": "2024-08-22T09:00:47Z",
            "mfa_configuration": "OPTIONAL",
            "name": "example-user-pool",
            "password_policy": [
              {
                "minimum_length": 6,
                "require_lowercase": false,
                "require_numbers": false,
                "require_symbols": false,
                "require_uppercase": false,
                "temporary_password_validity_days": 7
              }
            ],
            "schema": [
              {
                "attribute_data_type": "String",
                "developer_only_attribute": false,
                "mutable": true,
                "name": "address",
                "number_attribute_constraints": [],
                "required": false,
                "string_attribute_constraints": [
                  {
                    "max_length": "100",
                    "min_length": "10"
                  }
                ]
              }
            ],
            "sms_authentication_message": "",
            "sms_configuration": [],
            "sms_verification_message": "",
            "software_token_mfa_configuration": [
              {
                "enabled": true
              }
            ],
            "tags": {},
            "tags_all": {},
            "user_attribute_update_settings": [],
            "user_pool_add_ons": [],
            "username_attributes": [],
            "username_configuration": [
              {
                "case_sensitive": false
              }
            ],
            "verification_message_template": [
              {
                "default_email_option": "CONFIRM_WITH_CODE",
                "email_message": "Your verification code is {####}. Use this code to verify your email address.",
                "email_message_by_link": "Click {##Click Here##}",
                "email_subject": "Verify your email address",
                "email_subject_by_link": "email_subject_by_link",
                "sms_message": ""
              }
            ]
          },
          "sensitive_attributes": [],
          "private": "bnVsbA=="
        }
      ]
    },
    {
      "module": "module.aws_cognito",
      "mode": "managed",
      "type": "aws_cognito_user_pool_client",
      "name": "userpool_client",
      "provider": "provider[\"registry.terraform.io/hashicorp/aws\"]",
      "instances": [
        {
          "schema_version": 0,
          "attributes": {
            "access_token_validity": 5,
            "allowed_oauth_flows": [],
            "allowed_oauth_flows_user_pool_client": false,
            "allowed_oauth_scopes": [],
            "analytics_configuration": [],
            "auth_session_validity": 5,
            "callback_urls": [
              "https://yourapp.example.com/callback"
            ],
            "client_secret": "",
            "default_redirect_uri": "",
            "enable_propagate_additional_user_context_data": false,
            "enable_token_revocation": false,
            "explicit_auth_flows": [
              "ALLOW_REFRESH_TOKEN_AUTH",
              "ALLOW_USER_PASSWORD_AUTH",
              "ALLOW_USER_SRP_AUTH"
            ],
            "generate_secret": false,
            "id": "7blh9dd7ub2blhkr02u3biij2",
            "id_token_validity": 5,
            "logout_urls": [
              "https://yourapp.example.com/logout"
            ],
            "name": "cognito_client",
            "prevent_user_existence_errors": "ENABLED",
            "read_attributes": [],
            "refresh_token_validity": 1,
            "supported_identity_providers": [],
            "token_validity_units": [
              {
                "access_token": "minutes",
                "id_token": "minutes",
                "refresh_token": "hours"
              }
            ],
            "user_pool_id": "us-east-1_qWFwgudqf",
            "write_attributes": []
          },
          "sensitive_attributes": [],
          "dependencies": [
            "module.aws_cognito.aws_cognito_user_pool.cognito_pool_001"
          ]
        }
      ]
    },
    {
      "module": "module.aws_iam_role",
      "mode": "managed",
      "type": "aws_iam_role",
      "name": "lambda_role",
      "provider": "provider[\"registry.terraform.io/hashicorp/aws\"]",
      "instances": [
        {
          "schema_version": 0,
          "attributes": {
            "arn": "arn:aws:iam::339713069769:role/lambda_execution_role",
            "assume_role_policy": "{\"Statement\":[{\"Action\":[\"sts:AssumeRole\"],\"Effect\":\"Allow\",\"Principal\":{\"Service\":[\"lambda.amazonaws.com\"]}}],\"Version\":\"2012-10-17\"}",
            "create_date": "2024-08-22T07:00:32Z",
            "description": "",
            "force_detach_policies": false,
            "id": "lambda_execution_role",
            "inline_policy": [],
            "managed_policy_arns": [
              "arn:aws:iam::aws:policy/service-role/AWSAppSyncPushToCloudWatchLogs"
            ],
            "max_session_duration": 3600,
            "name": "lambda_execution_role",
            "name_prefix": "",
            "path": "/",
            "permissions_boundary": "",
            "tags": {},
            "tags_all": {},
            "unique_id": "AROAU6GD2CLEWITX6ABCY"
          },
          "sensitive_attributes": [],
          "private": "bnVsbA=="
        }
      ]
    },
    {
      "module": "module.aws_iam_role",
      "mode": "managed",
      "type": "aws_iam_role_policy_attachment",
      "name": "lambda_push_to_cloudwatch_logs",
      "provider": "provider[\"registry.terraform.io/hashicorp/aws\"]",
      "instances": [
        {
          "schema_version": 0,
          "attributes": {
            "id": "lambda_execution_role-20240822070033396500000001",
            "policy_arn": "arn:aws:iam::aws:policy/service-role/AWSAppSyncPushToCloudWatchLogs",
            "role": "lambda_execution_role"
          },
          "sensitive_attributes": [],
          "private": "bnVsbA==",
          "dependencies": [
            "module.aws_iam_role.aws_iam_role.lambda_role"
          ]
        }
      ]
    },
    {
      "module": "module.aws_lambda",
      "mode": "data",
      "type": "archive_file",
      "name": "lambda_zip",
      "provider": "provider[\"registry.terraform.io/hashicorp/archive\"]",
      "instances": [
        {
          "schema_version": 0,
          "attributes": {
            "exclude_symlink_directories": null,
            "excludes": null,
            "id": "1d39b573392bcf13108e5b26fd0b9f40cee6a5a2",
            "output_base64sha256": "8UCKjU0GndkVmD/EpN0v+LjLqitR44/XQ7ems3UQ/jw=",
            "output_base64sha512": "tlbNHrdZR+tTXIPspk9JRZcIgraJJ76a0NI8HKEWxtJltulioe/eH7sayqynNbAl2XApB++S0nVTbl6JDW/ljg==",
            "output_file_mode": null,
            "output_md5": "12504bb1a4b76f86066d82e05bc73c2f",
            "output_path": "modules/lambda/javascripts/users/users.zip",
            "output_sha": "1d39b573392bcf13108e5b26fd0b9f40cee6a5a2",
            "output_sha256": "f1408a8d4d069dd915983fc4a4dd2ff8b8cbaa2b51e38fd743b7a6b37510fe3c",
            "output_sha512": "b656cd1eb75947eb535c83eca64f4945970882b68927be9ad0d23c1ca116c6d265b6e962a1efde1fbb1acaaca735b025d9702907ef92d275536e5e890d6fe58e",
            "output_size": 425,
            "source": [],
            "source_content": null,
            "source_content_filename": null,
            "source_dir": "modules/lambda/javascripts/users/",
            "source_file": null,
            "type": "zip"
          },
          "sensitive_attributes": []
        }
      ]
    },
    {
      "module": "module.aws_lambda",
      "mode": "managed",
      "type": "aws_lambda_function",
      "name": "lambda_get_user",
      "provider": "provider[\"registry.terraform.io/hashicorp/aws\"]",
      "instances": [
        {
          "schema_version": 0,
          "attributes": {
            "architectures": [
              "x86_64"
            ],
            "arn": "arn:aws:lambda:us-east-1:339713069769:function:lambda_get_user",
            "code_sha256": "8UCKjU0GndkVmD/EpN0v+LjLqitR44/XQ7ems3UQ/jw=",
            "code_signing_config_arn": "",
            "dead_letter_config": [],
            "description": "",
            "environment": [
              {
                "variables": {
                  "foo": "bar"
                }
              }
            ],
            "ephemeral_storage": [
              {
                "size": 512
              }
            ],
            "file_system_config": [],
            "filename": "modules/lambda/javascripts/users/users.zip",
            "function_name": "lambda_get_user",
            "handler": "get_user.handler",
            "id": "lambda_get_user",
            "image_config": [],
            "image_uri": "",
            "invoke_arn": "arn:aws:apigateway:us-east-1:lambda:path/2015-03-31/functions/arn:aws:lambda:us-east-1:339713069769:function:lambda_get_user/invocations",
            "kms_key_arn": "",
            "last_modified": "2024-08-22T08:46:19.000+0000",
            "layers": [],
            "logging_config": [
              {
                "application_log_level": "",
                "log_format": "Text",
                "log_group": "/aws/lambda/lambda_get_user",
                "system_log_level": ""
              }
            ],
            "memory_size": 128,
            "package_type": "Zip",
            "publish": false,
            "qualified_arn": "arn:aws:lambda:us-east-1:339713069769:function:lambda_get_user:$LATEST",
            "qualified_invoke_arn": "arn:aws:apigateway:us-east-1:lambda:path/2015-03-31/functions/arn:aws:lambda:us-east-1:339713069769:function:lambda_get_user:$LATEST/invocations",
            "replace_security_groups_on_destroy": null,
            "replacement_security_group_ids": null,
            "reserved_concurrent_executions": -1,
            "role": "arn:aws:iam::339713069769:role/lambda_execution_role",
            "runtime": "nodejs20.x",
            "s3_bucket": null,
            "s3_key": null,
            "s3_object_version": null,
            "signing_job_arn": "",
            "signing_profile_version_arn": "",
            "skip_destroy": false,
            "snap_start": [],
            "source_code_hash": "8UCKjU0GndkVmD/EpN0v+LjLqitR44/XQ7ems3UQ/jw=",
            "source_code_size": 425,
            "tags": {},
            "tags_all": {},
            "timeout": 3,
            "timeouts": null,
            "tracing_config": [
              {
                "mode": "PassThrough"
              }
            ],
            "version": "$LATEST",
            "vpc_config": []
          },
          "sensitive_attributes": [],
          "private": "eyJlMmJmYjczMC1lY2FhLTExZTYtOGY4OC0zNDM2M2JjN2M0YzAiOnsiY3JlYXRlIjo2MDAwMDAwMDAwMDAsImRlbGV0ZSI6NjAwMDAwMDAwMDAwLCJ1cGRhdGUiOjYwMDAwMDAwMDAwMH19",
          "dependencies": [
            "module.aws_iam_role.aws_iam_role.lambda_role",
            "module.aws_iam_role.aws_iam_role_policy_attachment.lambda_push_to_cloudwatch_logs",
            "module.aws_lambda.data.archive_file.lambda_zip"
          ]
        }
      ]
    }
  ],
  "check_results": null
}
